{
  "version": 4,
  "terraform_version": "1.12.2",
  "serial": 468,
  "lineage": "292dfd15-e3a7-00eb-5c78-6197ce9b7597",
  "outputs": {
    "alb_dns_name": {
      "value": "devlake-alb-1380464767.us-east-1.elb.amazonaws.com",
      "type": "string"
    },
    "certificate_arn": {
      "value": "arn:aws:acm:us-east-1:145702441124:certificate/dab8035a-5c9c-4bf9-bd15-81ef8cf3b6a8",
      "type": "string"
    },
    "devlake_url": {
      "value": "https://devlake.devlaketoco.com",
      "type": "string"
    },
    "grafana_url": {
      "value": "https://devlake.devlaketoco.com/grafana",
      "type": "string"
    },
    "private_subnet_ids": {
      "value": [
        "subnet-0a7ce045e02a84fac",
        "subnet-0d40f64710ad4e1b1"
      ],
      "type": [
        "tuple",
        [
          "string",
          "string"
        ]
      ]
    },
    "public_subnet_ids": {
      "value": [
        "subnet-0b6790c1433e0e0f0",
        "subnet-0eb2243349e6f2a92"
      ],
      "type": [
        "tuple",
        [
          "string",
          "string"
        ]
      ]
    },
    "rds_endpoint": {
      "value": "devlake-db.cw1e8ws22a34.us-east-1.rds.amazonaws.com:3306",
      "type": "string",
      "sensitive": true
    },
    "route53_zone_id": {
      "value": "Z08304743QR6UCTL0ISXL",
      "type": "string"
    },
    "vpc_id": {
      "value": "vpc-0a8bd81cd610eaecb",
      "type": "string"
    }
  },
  "resources": [
    {
      "mode": "data",
      "type": "aws_availability_zones",
      "name": "available",
      "provider": "provider[\"registry.terraform.io/hashicorp/aws\"]",
      "instances": [
        {
          "schema_version": 0,
          "attributes": {
            "all_availability_zones": null,
            "exclude_names": null,
            "exclude_zone_ids": null,
            "filter": null,
            "group_names": [
              "us-east-1-zg-1"
            ],
            "id": "us-east-1",
            "names": [
              "us-east-1a",
              "us-east-1b",
              "us-east-1c",
              "us-east-1d",
              "us-east-1e",
              "us-east-1f"
            ],
            "state": "available",
            "timeouts": null,
            "zone_ids": [
              "use1-az4",
              "use1-az6",
              "use1-az1",
              "use1-az2",
              "use1-az3",
              "use1-az5"
            ]
          },
          "sensitive_attributes": [],
          "identity_schema_version": 0
        }
      ]
    },
    {
      "mode": "data",
      "type": "aws_route53_zone",
      "name": "existing_zone",
      "provider": "provider[\"registry.terraform.io/hashicorp/aws\"]",
      "instances": [
        {
          "index_key": 0,
          "schema_version": 0,
          "attributes": {
            "arn": "arn:aws:route53:::hostedzone/Z08304743QR6UCTL0ISXL",
            "caller_reference": "RISWorkflow-RD:6860247c-2e5d-44f3-ae15-a76318866495",
            "comment": "HostedZone created by Route53 Registrar",
            "id": "Z08304743QR6UCTL0ISXL",
            "linked_service_description": null,
            "linked_service_principal": null,
            "name": "devlaketoco.com",
            "name_servers": [
              "ns-654.awsdns-17.net",
              "ns-281.awsdns-35.com",
              "ns-1338.awsdns-39.org",
              "ns-1718.awsdns-22.co.uk"
            ],
            "primary_name_server": "ns-654.awsdns-17.net",
            "private_zone": false,
            "resource_record_set_count": 4,
            "tags": {},
            "vpc_id": null,
            "zone_id": "Z08304743QR6UCTL0ISXL"
          },
          "sensitive_attributes": [],
          "identity_schema_version": 0
        }
      ]
    },
    {
      "mode": "managed",
      "type": "aws_acm_certificate",
      "name": "devlake_cert",
      "provider": "provider[\"registry.terraform.io/hashicorp/aws\"]",
      "instances": [
        {
          "schema_version": 0,
          "attributes": {
            "arn": "arn:aws:acm:us-east-1:145702441124:certificate/dab8035a-5c9c-4bf9-bd15-81ef8cf3b6a8",
            "certificate_authority_arn": "",
            "certificate_body": null,
            "certificate_chain": null,
            "domain_name": "*.devlaketoco.com",
            "domain_validation_options": [
              {
                "domain_name": "*.devlaketoco.com",
                "resource_record_name": "_592b7a7b1d5b46910e0442160d82af39.devlaketoco.com.",
                "resource_record_type": "CNAME",
                "resource_record_value": "_afb25db7d8d55ccf45a46784b321382f.xlfgrmvvlj.acm-validations.aws."
              },
              {
                "domain_name": "devlaketoco.com",
                "resource_record_name": "_592b7a7b1d5b46910e0442160d82af39.devlaketoco.com.",
                "resource_record_type": "CNAME",
                "resource_record_value": "_afb25db7d8d55ccf45a46784b321382f.xlfgrmvvlj.acm-validations.aws."
              }
            ],
            "early_renewal_duration": "",
            "id": "arn:aws:acm:us-east-1:145702441124:certificate/dab8035a-5c9c-4bf9-bd15-81ef8cf3b6a8",
            "key_algorithm": "RSA_2048",
            "not_after": "2026-07-31T23:59:59Z",
            "not_before": "2025-07-02T00:00:00Z",
            "options": [
              {
                "certificate_transparency_logging_preference": "ENABLED"
              }
            ],
            "pending_renewal": false,
            "private_key": null,
            "renewal_eligibility": "ELIGIBLE",
            "renewal_summary": [],
            "status": "ISSUED",
            "subject_alternative_names": [
              "*.devlaketoco.com",
              "devlaketoco.com"
            ],
            "tags": {
              "Name": "devlaketoco"
            },
            "tags_all": {
              "Name": "devlaketoco"
            },
            "type": "AMAZON_ISSUED",
            "validation_emails": [],
            "validation_method": "DNS",
            "validation_option": []
          },
          "sensitive_attributes": [
            [
              {
                "type": "get_attr",
                "value": "private_key"
              }
            ]
          ],
          "identity_schema_version": 0,
          "private": "bnVsbA==",
          "create_before_destroy": true
        }
      ]
    },
    {
      "mode": "managed",
      "type": "aws_acm_certificate_validation",
      "name": "devlake_cert",
      "provider": "provider[\"registry.terraform.io/hashicorp/aws\"]",
      "instances": [
        {
          "schema_version": 0,
          "attributes": {
            "certificate_arn": "arn:aws:acm:us-east-1:145702441124:certificate/dab8035a-5c9c-4bf9-bd15-81ef8cf3b6a8",
            "id": "2025-07-02 20:05:03.19 +0000 UTC",
            "timeouts": null,
            "validation_record_fqdns": [
              "_592b7a7b1d5b46910e0442160d82af39.devlaketoco.com"
            ]
          },
          "sensitive_attributes": [],
          "identity_schema_version": 0,
          "private": "eyJlMmJmYjczMC1lY2FhLTExZTYtOGY4OC0zNDM2M2JjN2M0YzAiOnsiY3JlYXRlIjo0NTAwMDAwMDAwMDAwfX0=",
          "dependencies": [
            "aws_acm_certificate.devlake_cert",
            "aws_route53_record.cert_validation",
            "aws_route53_zone.devlake_zone",
            "data.aws_route53_zone.existing_zone"
          ]
        }
      ]
    },
    {
      "mode": "managed",
      "type": "aws_eip",
      "name": "nat_eips",
      "provider": "provider[\"registry.terraform.io/hashicorp/aws\"]",
      "instances": [
        {
          "index_key": 0,
          "schema_version": 0,
          "attributes": {
            "address": null,
            "allocation_id": "eipalloc-03bb916888c3d3fe7",
            "arn": "arn:aws:ec2:us-east-1:145702441124:elastic-ip/eipalloc-03bb916888c3d3fe7",
            "associate_with_private_ip": null,
            "association_id": "eipassoc-0f1c1a036ff3610aa",
            "carrier_ip": "",
            "customer_owned_ip": "",
            "customer_owned_ipv4_pool": "",
            "domain": "vpc",
            "id": "eipalloc-03bb916888c3d3fe7",
            "instance": "",
            "ipam_pool_id": null,
            "network_border_group": "us-east-1",
            "network_interface": "eni-0d8b1904453a7d398",
            "private_dns": "ip-10-0-1-50.ec2.internal",
            "private_ip": "10.0.1.50",
            "ptr_record": "",
            "public_dns": "ec2-3-228-76-71.compute-1.amazonaws.com",
            "public_ip": "3.228.76.71",
            "public_ipv4_pool": "amazon",
            "tags": {
              "Name": "devlaketoco-nat-eip-1"
            },
            "tags_all": {
              "Name": "devlaketoco-nat-eip-1"
            },
            "timeouts": null,
            "vpc": true
          },
          "sensitive_attributes": [],
          "identity_schema_version": 0,
          "private": "eyJlMmJmYjczMC1lY2FhLTExZTYtOGY4OC0zNDM2M2JjN2M0YzAiOnsiZGVsZXRlIjoxODAwMDAwMDAwMDAsInJlYWQiOjkwMDAwMDAwMDAwMCwidXBkYXRlIjozMDAwMDAwMDAwMDB9fQ==",
          "dependencies": [
            "aws_internet_gateway.devlake_igw",
            "aws_vpc.devlake_vpc"
          ]
        },
        {
          "index_key": 1,
          "schema_version": 0,
          "attributes": {
            "address": null,
            "allocation_id": "eipalloc-0f09f33b6f230d67e",
            "arn": "arn:aws:ec2:us-east-1:145702441124:elastic-ip/eipalloc-0f09f33b6f230d67e",
            "associate_with_private_ip": null,
            "association_id": "eipassoc-0ab81c1e4e6997a3a",
            "carrier_ip": "",
            "customer_owned_ip": "",
            "customer_owned_ipv4_pool": "",
            "domain": "vpc",
            "id": "eipalloc-0f09f33b6f230d67e",
            "instance": "",
            "ipam_pool_id": null,
            "network_border_group": "us-east-1",
            "network_interface": "eni-0fa0671b38ea6c780",
            "private_dns": "ip-10-0-2-178.ec2.internal",
            "private_ip": "10.0.2.178",
            "ptr_record": "",
            "public_dns": "ec2-34-198-110-245.compute-1.amazonaws.com",
            "public_ip": "34.198.110.245",
            "public_ipv4_pool": "amazon",
            "tags": {
              "Name": "devlaketoco-nat-eip-2"
            },
            "tags_all": {
              "Name": "devlaketoco-nat-eip-2"
            },
            "timeouts": null,
            "vpc": true
          },
          "sensitive_attributes": [],
          "identity_schema_version": 0,
          "private": "eyJlMmJmYjczMC1lY2FhLTExZTYtOGY4OC0zNDM2M2JjN2M0YzAiOnsiZGVsZXRlIjoxODAwMDAwMDAwMDAsInJlYWQiOjkwMDAwMDAwMDAwMCwidXBkYXRlIjozMDAwMDAwMDAwMDB9fQ==",
          "dependencies": [
            "aws_internet_gateway.devlake_igw",
            "aws_vpc.devlake_vpc"
          ]
        }
      ]
    },
    {
      "mode": "managed",
      "type": "aws_internet_gateway",
      "name": "devlake_igw",
      "provider": "provider[\"registry.terraform.io/hashicorp/aws\"]",
      "instances": [
        {
          "schema_version": 0,
          "attributes": {
            "arn": "arn:aws:ec2:us-east-1:145702441124:internet-gateway/igw-0a2b16ccf5ca1b85a",
            "id": "igw-0a2b16ccf5ca1b85a",
            "owner_id": "145702441124",
            "tags": {
              "Name": "devlaketoco-igw"
            },
            "tags_all": {
              "Name": "devlaketoco-igw"
            },
            "timeouts": null,
            "vpc_id": "vpc-0a8bd81cd610eaecb"
          },
          "sensitive_attributes": [],
          "identity_schema_version": 0,
          "private": "eyJlMmJmYjczMC1lY2FhLTExZTYtOGY4OC0zNDM2M2JjN2M0YzAiOnsiY3JlYXRlIjoxMjAwMDAwMDAwMDAwLCJkZWxldGUiOjEyMDAwMDAwMDAwMDAsInVwZGF0ZSI6MTIwMDAwMDAwMDAwMH19",
          "dependencies": [
            "aws_vpc.devlake_vpc"
          ]
        }
      ]
    },
    {
      "mode": "managed",
      "type": "aws_nat_gateway",
      "name": "nat_gateways",
      "provider": "provider[\"registry.terraform.io/hashicorp/aws\"]",
      "instances": [
        {
          "index_key": 0,
          "schema_version": 0,
          "attributes": {
            "allocation_id": "eipalloc-03bb916888c3d3fe7",
            "association_id": "eipassoc-0f1c1a036ff3610aa",
            "connectivity_type": "public",
            "id": "nat-0d9516df0b308c1a2",
            "network_interface_id": "eni-0d8b1904453a7d398",
            "private_ip": "10.0.1.50",
            "public_ip": "3.228.76.71",
            "secondary_allocation_ids": [],
            "secondary_private_ip_address_count": 0,
            "secondary_private_ip_addresses": [],
            "subnet_id": "subnet-0b6790c1433e0e0f0",
            "tags": {
              "Name": "devlaketoco-nat-gateway-1"
            },
            "tags_all": {
              "Name": "devlaketoco-nat-gateway-1"
            },
            "timeouts": null
          },
          "sensitive_attributes": [],
          "identity_schema_version": 0,
          "private": "eyJlMmJmYjczMC1lY2FhLTExZTYtOGY4OC0zNDM2M2JjN2M0YzAiOnsiY3JlYXRlIjo2MDAwMDAwMDAwMDAsImRlbGV0ZSI6MTgwMDAwMDAwMDAwMCwidXBkYXRlIjo2MDAwMDAwMDAwMDB9fQ==",
          "dependencies": [
            "aws_eip.nat_eips",
            "aws_internet_gateway.devlake_igw",
            "aws_subnet.public_subnets",
            "aws_vpc.devlake_vpc",
            "data.aws_availability_zones.available"
          ]
        },
        {
          "index_key": 1,
          "schema_version": 0,
          "attributes": {
            "allocation_id": "eipalloc-0f09f33b6f230d67e",
            "association_id": "eipassoc-0ab81c1e4e6997a3a",
            "connectivity_type": "public",
            "id": "nat-01dd6516616c96114",
            "network_interface_id": "eni-0fa0671b38ea6c780",
            "private_ip": "10.0.2.178",
            "public_ip": "34.198.110.245",
            "secondary_allocation_ids": [],
            "secondary_private_ip_address_count": 0,
            "secondary_private_ip_addresses": [],
            "subnet_id": "subnet-0eb2243349e6f2a92",
            "tags": {
              "Name": "devlaketoco-nat-gateway-2"
            },
            "tags_all": {
              "Name": "devlaketoco-nat-gateway-2"
            },
            "timeouts": null
          },
          "sensitive_attributes": [],
          "identity_schema_version": 0,
          "private": "eyJlMmJmYjczMC1lY2FhLTExZTYtOGY4OC0zNDM2M2JjN2M0YzAiOnsiY3JlYXRlIjo2MDAwMDAwMDAwMDAsImRlbGV0ZSI6MTgwMDAwMDAwMDAwMCwidXBkYXRlIjo2MDAwMDAwMDAwMDB9fQ==",
          "dependencies": [
            "aws_eip.nat_eips",
            "aws_internet_gateway.devlake_igw",
            "aws_subnet.public_subnets",
            "aws_vpc.devlake_vpc",
            "data.aws_availability_zones.available"
          ]
        }
      ]
    },
    {
      "mode": "managed",
      "type": "aws_route53_record",
      "name": "cert_validation",
      "provider": "provider[\"registry.terraform.io/hashicorp/aws\"]",
      "instances": [
        {
          "index_key": "*.devlaketoco.com",
          "schema_version": 2,
          "attributes": {
            "alias": [],
            "allow_overwrite": true,
            "cidr_routing_policy": [],
            "failover_routing_policy": [],
            "fqdn": "_592b7a7b1d5b46910e0442160d82af39.devlaketoco.com",
            "geolocation_routing_policy": [],
            "geoproximity_routing_policy": [],
            "health_check_id": "",
            "id": "Z08304743QR6UCTL0ISXL__592b7a7b1d5b46910e0442160d82af39.devlaketoco.com._CNAME",
            "latency_routing_policy": [],
            "multivalue_answer_routing_policy": false,
            "name": "_592b7a7b1d5b46910e0442160d82af39.devlaketoco.com",
            "records": [
              "_afb25db7d8d55ccf45a46784b321382f.xlfgrmvvlj.acm-validations.aws."
            ],
            "set_identifier": "",
            "timeouts": null,
            "ttl": 60,
            "type": "CNAME",
            "weighted_routing_policy": [],
            "zone_id": "Z08304743QR6UCTL0ISXL"
          },
          "sensitive_attributes": [],
          "identity_schema_version": 0,
          "private": "eyJlMmJmYjczMC1lY2FhLTExZTYtOGY4OC0zNDM2M2JjN2M0YzAiOnsiY3JlYXRlIjoxODAwMDAwMDAwMDAwLCJkZWxldGUiOjE4MDAwMDAwMDAwMDAsInVwZGF0ZSI6MTgwMDAwMDAwMDAwMH0sInNjaGVtYV92ZXJzaW9uIjoiMiJ9",
          "dependencies": [
            "aws_acm_certificate.devlake_cert",
            "aws_route53_zone.devlake_zone",
            "data.aws_route53_zone.existing_zone"
          ]
        },
        {
          "index_key": "devlaketoco.com",
          "schema_version": 2,
          "attributes": {
            "alias": [],
            "allow_overwrite": true,
            "cidr_routing_policy": [],
            "failover_routing_policy": [],
            "fqdn": "_592b7a7b1d5b46910e0442160d82af39.devlaketoco.com",
            "geolocation_routing_policy": [],
            "geoproximity_routing_policy": [],
            "health_check_id": "",
            "id": "Z08304743QR6UCTL0ISXL__592b7a7b1d5b46910e0442160d82af39.devlaketoco.com._CNAME",
            "latency_routing_policy": [],
            "multivalue_answer_routing_policy": false,
            "name": "_592b7a7b1d5b46910e0442160d82af39.devlaketoco.com",
            "records": [
              "_afb25db7d8d55ccf45a46784b321382f.xlfgrmvvlj.acm-validations.aws."
            ],
            "set_identifier": "",
            "timeouts": null,
            "ttl": 60,
            "type": "CNAME",
            "weighted_routing_policy": [],
            "zone_id": "Z08304743QR6UCTL0ISXL"
          },
          "sensitive_attributes": [],
          "identity_schema_version": 0,
          "private": "eyJlMmJmYjczMC1lY2FhLTExZTYtOGY4OC0zNDM2M2JjN2M0YzAiOnsiY3JlYXRlIjoxODAwMDAwMDAwMDAwLCJkZWxldGUiOjE4MDAwMDAwMDAwMDAsInVwZGF0ZSI6MTgwMDAwMDAwMDAwMH0sInNjaGVtYV92ZXJzaW9uIjoiMiJ9",
          "dependencies": [
            "aws_acm_certificate.devlake_cert",
            "aws_route53_zone.devlake_zone",
            "data.aws_route53_zone.existing_zone"
          ]
        }
      ]
    },
    {
      "mode": "managed",
      "type": "aws_route53_record",
      "name": "devlake",
      "provider": "provider[\"registry.terraform.io/hashicorp/aws\"]",
      "instances": [
        {
          "schema_version": 2,
          "attributes": {
            "alias": [
              {
                "evaluate_target_health": true,
                "name": "devlake-alb-1380464767.us-east-1.elb.amazonaws.com",
                "zone_id": "Z35SXDOTRQ7X7K"
              }
            ],
            "allow_overwrite": null,
            "cidr_routing_policy": [],
            "failover_routing_policy": [],
            "fqdn": "devlake.devlaketoco.com",
            "geolocation_routing_policy": [],
            "geoproximity_routing_policy": [],
            "health_check_id": "",
            "id": "Z08304743QR6UCTL0ISXL_devlake.devlaketoco.com_A",
            "latency_routing_policy": [],
            "multivalue_answer_routing_policy": false,
            "name": "devlake.devlaketoco.com",
            "records": [],
            "set_identifier": "",
            "timeouts": null,
            "ttl": 0,
            "type": "A",
            "weighted_routing_policy": [],
            "zone_id": "Z08304743QR6UCTL0ISXL"
          },
          "sensitive_attributes": [],
          "identity_schema_version": 0,
          "private": "eyJlMmJmYjczMC1lY2FhLTExZTYtOGY4OC0zNDM2M2JjN2M0YzAiOnsiY3JlYXRlIjoxODAwMDAwMDAwMDAwLCJkZWxldGUiOjE4MDAwMDAwMDAwMDAsInVwZGF0ZSI6MTgwMDAwMDAwMDAwMH0sInNjaGVtYV92ZXJzaW9uIjoiMiJ9",
          "dependencies": [
            "aws_route53_zone.devlake_zone",
            "aws_subnet.public_subnets",
            "aws_vpc.devlake_vpc",
            "data.aws_availability_zones.available",
            "data.aws_route53_zone.existing_zone",
            "module.devlake.aws_security_group.alb",
            "module.devlake.module.devlake_alb.aws_lb.this",
            "module.devlake.module.devlake_alb.aws_security_group.this"
          ]
        }
      ]
    },
    {
      "mode": "managed",
      "type": "aws_route_table",
      "name": "private_rt",
      "provider": "provider[\"registry.terraform.io/hashicorp/aws\"]",
      "instances": [
        {
          "index_key": 0,
          "schema_version": 0,
          "attributes": {
            "arn": "arn:aws:ec2:us-east-1:145702441124:route-table/rtb-059b06a9c9d4dd519",
            "id": "rtb-059b06a9c9d4dd519",
            "owner_id": "145702441124",
            "propagating_vgws": [],
            "route": [
              {
                "carrier_gateway_id": "",
                "cidr_block": "0.0.0.0/0",
                "core_network_arn": "",
                "destination_prefix_list_id": "",
                "egress_only_gateway_id": "",
                "gateway_id": "",
                "ipv6_cidr_block": "",
                "local_gateway_id": "",
                "nat_gateway_id": "nat-0d9516df0b308c1a2",
                "network_interface_id": "",
                "transit_gateway_id": "",
                "vpc_endpoint_id": "",
                "vpc_peering_connection_id": ""
              }
            ],
            "tags": {
              "Name": "devlaketoco-private-rt-1"
            },
            "tags_all": {
              "Name": "devlaketoco-private-rt-1"
            },
            "timeouts": null,
            "vpc_id": "vpc-0a8bd81cd610eaecb"
          },
          "sensitive_attributes": [],
          "identity_schema_version": 0,
          "private": "eyJlMmJmYjczMC1lY2FhLTExZTYtOGY4OC0zNDM2M2JjN2M0YzAiOnsiY3JlYXRlIjozMDAwMDAwMDAwMDAsImRlbGV0ZSI6MzAwMDAwMDAwMDAwLCJ1cGRhdGUiOjEyMDAwMDAwMDAwMH19",
          "dependencies": [
            "aws_eip.nat_eips",
            "aws_internet_gateway.devlake_igw",
            "aws_nat_gateway.nat_gateways",
            "aws_subnet.public_subnets",
            "aws_vpc.devlake_vpc",
            "data.aws_availability_zones.available"
          ]
        },
        {
          "index_key": 1,
          "schema_version": 0,
          "attributes": {
            "arn": "arn:aws:ec2:us-east-1:145702441124:route-table/rtb-0a121595cfb7e8357",
            "id": "rtb-0a121595cfb7e8357",
            "owner_id": "145702441124",
            "propagating_vgws": [],
            "route": [
              {
                "carrier_gateway_id": "",
                "cidr_block": "0.0.0.0/0",
                "core_network_arn": "",
                "destination_prefix_list_id": "",
                "egress_only_gateway_id": "",
                "gateway_id": "",
                "ipv6_cidr_block": "",
                "local_gateway_id": "",
                "nat_gateway_id": "nat-01dd6516616c96114",
                "network_interface_id": "",
                "transit_gateway_id": "",
                "vpc_endpoint_id": "",
                "vpc_peering_connection_id": ""
              }
            ],
            "tags": {
              "Name": "devlaketoco-private-rt-2"
            },
            "tags_all": {
              "Name": "devlaketoco-private-rt-2"
            },
            "timeouts": null,
            "vpc_id": "vpc-0a8bd81cd610eaecb"
          },
          "sensitive_attributes": [],
          "identity_schema_version": 0,
          "private": "eyJlMmJmYjczMC1lY2FhLTExZTYtOGY4OC0zNDM2M2JjN2M0YzAiOnsiY3JlYXRlIjozMDAwMDAwMDAwMDAsImRlbGV0ZSI6MzAwMDAwMDAwMDAwLCJ1cGRhdGUiOjEyMDAwMDAwMDAwMH19",
          "dependencies": [
            "aws_eip.nat_eips",
            "aws_internet_gateway.devlake_igw",
            "aws_nat_gateway.nat_gateways",
            "aws_subnet.public_subnets",
            "aws_vpc.devlake_vpc",
            "data.aws_availability_zones.available"
          ]
        }
      ]
    },
    {
      "mode": "managed",
      "type": "aws_route_table",
      "name": "public_rt",
      "provider": "provider[\"registry.terraform.io/hashicorp/aws\"]",
      "instances": [
        {
          "schema_version": 0,
          "attributes": {
            "arn": "arn:aws:ec2:us-east-1:145702441124:route-table/rtb-0a35228f8746da6fb",
            "id": "rtb-0a35228f8746da6fb",
            "owner_id": "145702441124",
            "propagating_vgws": [],
            "route": [
              {
                "carrier_gateway_id": "",
                "cidr_block": "0.0.0.0/0",
                "core_network_arn": "",
                "destination_prefix_list_id": "",
                "egress_only_gateway_id": "",
                "gateway_id": "igw-0a2b16ccf5ca1b85a",
                "ipv6_cidr_block": "",
                "local_gateway_id": "",
                "nat_gateway_id": "",
                "network_interface_id": "",
                "transit_gateway_id": "",
                "vpc_endpoint_id": "",
                "vpc_peering_connection_id": ""
              }
            ],
            "tags": {
              "Name": "devlaketoco-public-rt"
            },
            "tags_all": {
              "Name": "devlaketoco-public-rt"
            },
            "timeouts": null,
            "vpc_id": "vpc-0a8bd81cd610eaecb"
          },
          "sensitive_attributes": [],
          "identity_schema_version": 0,
          "private": "eyJlMmJmYjczMC1lY2FhLTExZTYtOGY4OC0zNDM2M2JjN2M0YzAiOnsiY3JlYXRlIjozMDAwMDAwMDAwMDAsImRlbGV0ZSI6MzAwMDAwMDAwMDAwLCJ1cGRhdGUiOjEyMDAwMDAwMDAwMH19",
          "dependencies": [
            "aws_internet_gateway.devlake_igw",
            "aws_vpc.devlake_vpc"
          ]
        }
      ]
    },
    {
      "mode": "managed",
      "type": "aws_route_table_association",
      "name": "private_rta",
      "provider": "provider[\"registry.terraform.io/hashicorp/aws\"]",
      "instances": [
        {
          "index_key": 0,
          "schema_version": 0,
          "attributes": {
            "gateway_id": "",
            "id": "rtbassoc-0735f8f2670ec8ae2",
            "route_table_id": "rtb-059b06a9c9d4dd519",
            "subnet_id": "subnet-0a7ce045e02a84fac",
            "timeouts": null
          },
          "sensitive_attributes": [],
          "identity_schema_version": 0,
          "private": "eyJlMmJmYjczMC1lY2FhLTExZTYtOGY4OC0zNDM2M2JjN2M0YzAiOnsiY3JlYXRlIjozMDAwMDAwMDAwMDAsImRlbGV0ZSI6MzAwMDAwMDAwMDAwLCJ1cGRhdGUiOjEyMDAwMDAwMDAwMH19",
          "dependencies": [
            "aws_eip.nat_eips",
            "aws_internet_gateway.devlake_igw",
            "aws_nat_gateway.nat_gateways",
            "aws_route_table.private_rt",
            "aws_subnet.private_subnets",
            "aws_subnet.public_subnets",
            "aws_vpc.devlake_vpc",
            "data.aws_availability_zones.available"
          ]
        },
        {
          "index_key": 1,
          "schema_version": 0,
          "attributes": {
            "gateway_id": "",
            "id": "rtbassoc-077e09f4286a2e7de",
            "route_table_id": "rtb-0a121595cfb7e8357",
            "subnet_id": "subnet-0d40f64710ad4e1b1",
            "timeouts": null
          },
          "sensitive_attributes": [],
          "identity_schema_version": 0,
          "private": "eyJlMmJmYjczMC1lY2FhLTExZTYtOGY4OC0zNDM2M2JjN2M0YzAiOnsiY3JlYXRlIjozMDAwMDAwMDAwMDAsImRlbGV0ZSI6MzAwMDAwMDAwMDAwLCJ1cGRhdGUiOjEyMDAwMDAwMDAwMH19",
          "dependencies": [
            "aws_eip.nat_eips",
            "aws_internet_gateway.devlake_igw",
            "aws_nat_gateway.nat_gateways",
            "aws_route_table.private_rt",
            "aws_subnet.private_subnets",
            "aws_subnet.public_subnets",
            "aws_vpc.devlake_vpc",
            "data.aws_availability_zones.available"
          ]
        }
      ]
    },
    {
      "mode": "managed",
      "type": "aws_route_table_association",
      "name": "public_rta",
      "provider": "provider[\"registry.terraform.io/hashicorp/aws\"]",
      "instances": [
        {
          "index_key": 0,
          "schema_version": 0,
          "attributes": {
            "gateway_id": "",
            "id": "rtbassoc-019b27b349b84f481",
            "route_table_id": "rtb-0a35228f8746da6fb",
            "subnet_id": "subnet-0b6790c1433e0e0f0",
            "timeouts": null
          },
          "sensitive_attributes": [],
          "identity_schema_version": 0,
          "private": "eyJlMmJmYjczMC1lY2FhLTExZTYtOGY4OC0zNDM2M2JjN2M0YzAiOnsiY3JlYXRlIjozMDAwMDAwMDAwMDAsImRlbGV0ZSI6MzAwMDAwMDAwMDAwLCJ1cGRhdGUiOjEyMDAwMDAwMDAwMH19",
          "dependencies": [
            "aws_internet_gateway.devlake_igw",
            "aws_route_table.public_rt",
            "aws_subnet.public_subnets",
            "aws_vpc.devlake_vpc",
            "data.aws_availability_zones.available"
          ]
        },
        {
          "index_key": 1,
          "schema_version": 0,
          "attributes": {
            "gateway_id": "",
            "id": "rtbassoc-0d04a63563be493de",
            "route_table_id": "rtb-0a35228f8746da6fb",
            "subnet_id": "subnet-0eb2243349e6f2a92",
            "timeouts": null
          },
          "sensitive_attributes": [],
          "identity_schema_version": 0,
          "private": "eyJlMmJmYjczMC1lY2FhLTExZTYtOGY4OC0zNDM2M2JjN2M0YzAiOnsiY3JlYXRlIjozMDAwMDAwMDAwMDAsImRlbGV0ZSI6MzAwMDAwMDAwMDAwLCJ1cGRhdGUiOjEyMDAwMDAwMDAwMH19",
          "dependencies": [
            "aws_internet_gateway.devlake_igw",
            "aws_route_table.public_rt",
            "aws_subnet.public_subnets",
            "aws_vpc.devlake_vpc",
            "data.aws_availability_zones.available"
          ]
        }
      ]
    },
    {
      "mode": "managed",
      "type": "aws_subnet",
      "name": "private_subnets",
      "provider": "provider[\"registry.terraform.io/hashicorp/aws\"]",
      "instances": [
        {
          "index_key": 0,
          "schema_version": 1,
          "attributes": {
            "arn": "arn:aws:ec2:us-east-1:145702441124:subnet/subnet-0a7ce045e02a84fac",
            "assign_ipv6_address_on_creation": false,
            "availability_zone": "us-east-1a",
            "availability_zone_id": "use1-az4",
            "cidr_block": "10.0.10.0/24",
            "customer_owned_ipv4_pool": "",
            "enable_dns64": false,
            "enable_lni_at_device_index": 0,
            "enable_resource_name_dns_a_record_on_launch": false,
            "enable_resource_name_dns_aaaa_record_on_launch": false,
            "id": "subnet-0a7ce045e02a84fac",
            "ipv6_cidr_block": "",
            "ipv6_cidr_block_association_id": "",
            "ipv6_native": false,
            "map_customer_owned_ip_on_launch": false,
            "map_public_ip_on_launch": false,
            "outpost_arn": "",
            "owner_id": "145702441124",
            "private_dns_hostname_type_on_launch": "ip-name",
            "tags": {
              "Name": "devlaketoco-private-subnet-1"
            },
            "tags_all": {
              "Name": "devlaketoco-private-subnet-1"
            },
            "timeouts": null,
            "vpc_id": "vpc-0a8bd81cd610eaecb"
          },
          "sensitive_attributes": [],
          "identity_schema_version": 0,
          "private": "eyJlMmJmYjczMC1lY2FhLTExZTYtOGY4OC0zNDM2M2JjN2M0YzAiOnsiY3JlYXRlIjo2MDAwMDAwMDAwMDAsImRlbGV0ZSI6MTIwMDAwMDAwMDAwMH0sInNjaGVtYV92ZXJzaW9uIjoiMSJ9",
          "dependencies": [
            "aws_vpc.devlake_vpc",
            "data.aws_availability_zones.available"
          ]
        },
        {
          "index_key": 1,
          "schema_version": 1,
          "attributes": {
            "arn": "arn:aws:ec2:us-east-1:145702441124:subnet/subnet-0d40f64710ad4e1b1",
            "assign_ipv6_address_on_creation": false,
            "availability_zone": "us-east-1b",
            "availability_zone_id": "use1-az6",
            "cidr_block": "10.0.20.0/24",
            "customer_owned_ipv4_pool": "",
            "enable_dns64": false,
            "enable_lni_at_device_index": 0,
            "enable_resource_name_dns_a_record_on_launch": false,
            "enable_resource_name_dns_aaaa_record_on_launch": false,
            "id": "subnet-0d40f64710ad4e1b1",
            "ipv6_cidr_block": "",
            "ipv6_cidr_block_association_id": "",
            "ipv6_native": false,
            "map_customer_owned_ip_on_launch": false,
            "map_public_ip_on_launch": false,
            "outpost_arn": "",
            "owner_id": "145702441124",
            "private_dns_hostname_type_on_launch": "ip-name",
            "tags": {
              "Name": "devlaketoco-private-subnet-2"
            },
            "tags_all": {
              "Name": "devlaketoco-private-subnet-2"
            },
            "timeouts": null,
            "vpc_id": "vpc-0a8bd81cd610eaecb"
          },
          "sensitive_attributes": [],
          "identity_schema_version": 0,
          "private": "eyJlMmJmYjczMC1lY2FhLTExZTYtOGY4OC0zNDM2M2JjN2M0YzAiOnsiY3JlYXRlIjo2MDAwMDAwMDAwMDAsImRlbGV0ZSI6MTIwMDAwMDAwMDAwMH0sInNjaGVtYV92ZXJzaW9uIjoiMSJ9",
          "dependencies": [
            "aws_vpc.devlake_vpc",
            "data.aws_availability_zones.available"
          ]
        }
      ]
    },
    {
      "mode": "managed",
      "type": "aws_subnet",
      "name": "public_subnets",
      "provider": "provider[\"registry.terraform.io/hashicorp/aws\"]",
      "instances": [
        {
          "index_key": 0,
          "schema_version": 1,
          "attributes": {
            "arn": "arn:aws:ec2:us-east-1:145702441124:subnet/subnet-0b6790c1433e0e0f0",
            "assign_ipv6_address_on_creation": false,
            "availability_zone": "us-east-1a",
            "availability_zone_id": "use1-az4",
            "cidr_block": "10.0.1.0/24",
            "customer_owned_ipv4_pool": "",
            "enable_dns64": false,
            "enable_lni_at_device_index": 0,
            "enable_resource_name_dns_a_record_on_launch": false,
            "enable_resource_name_dns_aaaa_record_on_launch": false,
            "id": "subnet-0b6790c1433e0e0f0",
            "ipv6_cidr_block": "",
            "ipv6_cidr_block_association_id": "",
            "ipv6_native": false,
            "map_customer_owned_ip_on_launch": false,
            "map_public_ip_on_launch": true,
            "outpost_arn": "",
            "owner_id": "145702441124",
            "private_dns_hostname_type_on_launch": "ip-name",
            "tags": {
              "Name": "devlaketoco-public-subnet-1"
            },
            "tags_all": {
              "Name": "devlaketoco-public-subnet-1"
            },
            "timeouts": null,
            "vpc_id": "vpc-0a8bd81cd610eaecb"
          },
          "sensitive_attributes": [],
          "identity_schema_version": 0,
          "private": "eyJlMmJmYjczMC1lY2FhLTExZTYtOGY4OC0zNDM2M2JjN2M0YzAiOnsiY3JlYXRlIjo2MDAwMDAwMDAwMDAsImRlbGV0ZSI6MTIwMDAwMDAwMDAwMH0sInNjaGVtYV92ZXJzaW9uIjoiMSJ9",
          "dependencies": [
            "aws_vpc.devlake_vpc",
            "data.aws_availability_zones.available"
          ]
        },
        {
          "index_key": 1,
          "schema_version": 1,
          "attributes": {
            "arn": "arn:aws:ec2:us-east-1:145702441124:subnet/subnet-0eb2243349e6f2a92",
            "assign_ipv6_address_on_creation": false,
            "availability_zone": "us-east-1b",
            "availability_zone_id": "use1-az6",
            "cidr_block": "10.0.2.0/24",
            "customer_owned_ipv4_pool": "",
            "enable_dns64": false,
            "enable_lni_at_device_index": 0,
            "enable_resource_name_dns_a_record_on_launch": false,
            "enable_resource_name_dns_aaaa_record_on_launch": false,
            "id": "subnet-0eb2243349e6f2a92",
            "ipv6_cidr_block": "",
            "ipv6_cidr_block_association_id": "",
            "ipv6_native": false,
            "map_customer_owned_ip_on_launch": false,
            "map_public_ip_on_launch": true,
            "outpost_arn": "",
            "owner_id": "145702441124",
            "private_dns_hostname_type_on_launch": "ip-name",
            "tags": {
              "Name": "devlaketoco-public-subnet-2"
            },
            "tags_all": {
              "Name": "devlaketoco-public-subnet-2"
            },
            "timeouts": null,
            "vpc_id": "vpc-0a8bd81cd610eaecb"
          },
          "sensitive_attributes": [],
          "identity_schema_version": 0,
          "private": "eyJlMmJmYjczMC1lY2FhLTExZTYtOGY4OC0zNDM2M2JjN2M0YzAiOnsiY3JlYXRlIjo2MDAwMDAwMDAwMDAsImRlbGV0ZSI6MTIwMDAwMDAwMDAwMH0sInNjaGVtYV92ZXJzaW9uIjoiMSJ9",
          "dependencies": [
            "aws_vpc.devlake_vpc",
            "data.aws_availability_zones.available"
          ]
        }
      ]
    },
    {
      "mode": "managed",
      "type": "aws_vpc",
      "name": "devlake_vpc",
      "provider": "provider[\"registry.terraform.io/hashicorp/aws\"]",
      "instances": [
        {
          "schema_version": 1,
          "attributes": {
            "arn": "arn:aws:ec2:us-east-1:145702441124:vpc/vpc-0a8bd81cd610eaecb",
            "assign_generated_ipv6_cidr_block": false,
            "cidr_block": "10.0.0.0/16",
            "default_network_acl_id": "acl-01344fce497e8a2c6",
            "default_route_table_id": "rtb-064b93b3da75088f6",
            "default_security_group_id": "sg-0b51d62bb307fba9b",
            "dhcp_options_id": "dopt-02d1680260f9e630e",
            "enable_dns_hostnames": true,
            "enable_dns_support": true,
            "enable_network_address_usage_metrics": false,
            "id": "vpc-0a8bd81cd610eaecb",
            "instance_tenancy": "default",
            "ipv4_ipam_pool_id": null,
            "ipv4_netmask_length": null,
            "ipv6_association_id": "",
            "ipv6_cidr_block": "",
            "ipv6_cidr_block_network_border_group": "",
            "ipv6_ipam_pool_id": "",
            "ipv6_netmask_length": 0,
            "main_route_table_id": "rtb-064b93b3da75088f6",
            "owner_id": "145702441124",
            "tags": {
              "Name": "devlaketoco-vpc"
            },
            "tags_all": {
              "Name": "devlaketoco-vpc"
            }
          },
          "sensitive_attributes": [],
          "identity_schema_version": 0,
          "private": "eyJzY2hlbWFfdmVyc2lvbiI6IjEifQ==",
          "create_before_destroy": true
        }
      ]
    },
    {
      "module": "module.devlake",
      "mode": "managed",
      "type": "aws_cloudwatch_log_group",
      "name": "config_ui",
      "provider": "provider[\"registry.terraform.io/hashicorp/aws\"]",
      "instances": [
        {
          "schema_version": 0,
          "attributes": {
            "arn": "arn:aws:logs:us-east-1:145702441124:log-group:/ecs/config-ui",
            "id": "/ecs/config-ui",
            "kms_key_id": "",
            "log_group_class": "STANDARD",
            "name": "/ecs/config-ui",
            "name_prefix": "",
            "retention_in_days": 30,
            "skip_destroy": false,
            "tags": {
              "Name": "devlaketoco"
            },
            "tags_all": {
              "Name": "devlaketoco"
            }
          },
          "sensitive_attributes": [],
          "identity_schema_version": 0,
          "private": "bnVsbA=="
        }
      ]
    },
    {
      "module": "module.devlake",
      "mode": "managed",
      "type": "aws_cloudwatch_log_group",
      "name": "devlake",
      "provider": "provider[\"registry.terraform.io/hashicorp/aws\"]",
      "instances": [
        {
          "schema_version": 0,
          "attributes": {
            "arn": "arn:aws:logs:us-east-1:145702441124:log-group:/ecs/devlake",
            "id": "/ecs/devlake",
            "kms_key_id": "",
            "log_group_class": "STANDARD",
            "name": "/ecs/devlake",
            "name_prefix": "",
            "retention_in_days": 30,
            "skip_destroy": false,
            "tags": {
              "Name": "devlaketoco"
            },
            "tags_all": {
              "Name": "devlaketoco"
            }
          },
          "sensitive_attributes": [],
          "identity_schema_version": 0,
          "private": "bnVsbA=="
        }
      ]
    },
    {
      "module": "module.devlake",
      "mode": "managed",
      "type": "aws_cloudwatch_log_group",
      "name": "grafana",
      "provider": "provider[\"registry.terraform.io/hashicorp/aws\"]",
      "instances": [
        {
          "schema_version": 0,
          "attributes": {
            "arn": "arn:aws:logs:us-east-1:145702441124:log-group:/ecs/grafana",
            "id": "/ecs/grafana",
            "kms_key_id": "",
            "log_group_class": "STANDARD",
            "name": "/ecs/grafana",
            "name_prefix": "",
            "retention_in_days": 30,
            "skip_destroy": false,
            "tags": {
              "Name": "devlaketoco"
            },
            "tags_all": {
              "Name": "devlaketoco"
            }
          },
          "sensitive_attributes": [],
          "identity_schema_version": 0,
          "private": "bnVsbA=="
        }
      ]
    },
    {
      "module": "module.devlake",
      "mode": "managed",
      "type": "aws_ecs_cluster",
      "name": "devlake",
      "provider": "provider[\"registry.terraform.io/hashicorp/aws\"]",
      "instances": [
        {
          "schema_version": 0,
          "attributes": {
            "arn": "arn:aws:ecs:us-east-1:145702441124:cluster/devlake-cluster",
            "configuration": [],
            "id": "arn:aws:ecs:us-east-1:145702441124:cluster/devlake-cluster",
            "name": "devlake-cluster",
            "service_connect_defaults": [],
            "setting": [
              {
                "name": "containerInsights",
                "value": "enabled"
              }
            ],
            "tags": {
              "Name": "devlaketoco"
            },
            "tags_all": {
              "Name": "devlaketoco"
            }
          },
          "sensitive_attributes": [],
          "identity_schema_version": 0,
          "private": "bnVsbA=="
        }
      ]
    },
    {
      "module": "module.devlake",
      "mode": "managed",
      "type": "aws_ecs_service",
      "name": "config_ui",
      "provider": "provider[\"registry.terraform.io/hashicorp/aws\"]",
      "instances": [
        {
          "schema_version": 1,
          "attributes": {
            "alarms": [],
            "availability_zone_rebalancing": "DISABLED",
            "capacity_provider_strategy": [
              {
                "base": 1,
                "capacity_provider": "FARGATE",
                "weight": 100
              }
            ],
            "cluster": "arn:aws:ecs:us-east-1:145702441124:cluster/devlake-cluster",
            "deployment_circuit_breaker": [
              {
                "enable": false,
                "rollback": false
              }
            ],
            "deployment_controller": [
              {
                "type": "ECS"
              }
            ],
            "deployment_maximum_percent": 200,
            "deployment_minimum_healthy_percent": 100,
            "desired_count": 1,
            "enable_ecs_managed_tags": false,
            "enable_execute_command": false,
            "force_delete": null,
            "force_new_deployment": null,
            "health_check_grace_period_seconds": 0,
            "iam_role": "/aws-service-role/ecs.amazonaws.com/AWSServiceRoleForECS",
            "id": "arn:aws:ecs:us-east-1:145702441124:service/devlake-cluster/config-ui",
            "launch_type": "",
            "load_balancer": [
              {
                "container_name": "config-ui",
                "container_port": 4000,
                "elb_name": "",
                "target_group_arn": "arn:aws:elasticloadbalancing:us-east-1:145702441124:targetgroup/devlake-config-ui-tg/f82a0bcabf313c3a"
              }
            ],
            "name": "config-ui",
            "network_configuration": [
              {
                "assign_public_ip": false,
                "security_groups": [
                  "sg-0ee2e1df9128f5dc6"
                ],
                "subnets": [
                  "subnet-0a7ce045e02a84fac",
                  "subnet-0d40f64710ad4e1b1"
                ]
              }
            ],
            "ordered_placement_strategy": [],
            "placement_constraints": [],
            "platform_version": "LATEST",
            "propagate_tags": "SERVICE",
            "scheduling_strategy": "REPLICA",
            "service_connect_configuration": [],
            "service_registries": [
              {
                "container_name": "",
                "container_port": 0,
                "port": 0,
                "registry_arn": "arn:aws:servicediscovery:us-east-1:145702441124:service/srv-7fgrnbptokv7wtgh"
              }
            ],
            "tags": {
              "Name": "devlaketoco"
            },
            "tags_all": {
              "Name": "devlaketoco"
            },
            "task_definition": "arn:aws:ecs:us-east-1:145702441124:task-definition/config-ui:5",
            "timeouts": null,
            "triggers": {},
            "volume_configuration": [],
            "vpc_lattice_configurations": [],
            "wait_for_steady_state": false
          },
          "sensitive_attributes": [],
          "identity_schema_version": 0,
          "private": "eyJlMmJmYjczMC1lY2FhLTExZTYtOGY4OC0zNDM2M2JjN2M0YzAiOnsiY3JlYXRlIjoxMjAwMDAwMDAwMDAwLCJkZWxldGUiOjEyMDAwMDAwMDAwMDAsInVwZGF0ZSI6MTIwMDAwMDAwMDAwMH0sInNjaGVtYV92ZXJzaW9uIjoiMSJ9",
          "dependencies": [
            "aws_acm_certificate.devlake_cert",
            "aws_acm_certificate_validation.devlake_cert",
            "aws_route53_record.cert_validation",
            "aws_route53_zone.devlake_zone",
            "aws_subnet.private_subnets",
            "aws_subnet.public_subnets",
            "aws_vpc.devlake_vpc",
            "data.aws_availability_zones.available",
            "data.aws_route53_zone.existing_zone",
            "module.devlake.aws_cloudwatch_log_group.config_ui",
            "module.devlake.aws_cloudwatch_log_group.devlake",
            "module.devlake.aws_ecs_cluster.devlake",
            "module.devlake.aws_ecs_service.devlake",
            "module.devlake.aws_ecs_task_definition.config_ui",
            "module.devlake.aws_ecs_task_definition.devlake",
            "module.devlake.aws_iam_role.ecs_task_execution_role",
            "module.devlake.aws_security_group.alb",
            "module.devlake.aws_security_group.ecs_tasks",
            "module.devlake.aws_security_group.rds",
            "module.devlake.aws_service_discovery_private_dns_namespace.devlake",
            "module.devlake.aws_service_discovery_service.config_ui",
            "module.devlake.aws_service_discovery_service.devlake",
            "module.devlake.module.devlake-rds.module.db_instance.aws_cloudwatch_log_group.this",
            "module.devlake.module.devlake-rds.module.db_instance.aws_db_instance.this",
            "module.devlake.module.devlake-rds.module.db_instance.aws_iam_role.enhanced_monitoring",
            "module.devlake.module.devlake-rds.module.db_instance.data.aws_iam_policy_document.enhanced_monitoring",
            "module.devlake.module.devlake-rds.module.db_instance.random_id.snapshot_identifier",
            "module.devlake.module.devlake-rds.module.db_option_group.aws_db_option_group.this",
            "module.devlake.module.devlake-rds.module.db_parameter_group.aws_db_parameter_group.this",
            "module.devlake.module.devlake-rds.module.db_subnet_group.aws_db_subnet_group.this",
            "module.devlake.module.devlake_alb.aws_lambda_permission.this",
            "module.devlake.module.devlake_alb.aws_lb.this",
            "module.devlake.module.devlake_alb.aws_lb_listener.this",
            "module.devlake.module.devlake_alb.aws_lb_listener_certificate.this",
            "module.devlake.module.devlake_alb.aws_lb_listener_rule.this",
            "module.devlake.module.devlake_alb.aws_lb_target_group.this",
            "module.devlake.module.devlake_alb.aws_lb_target_group_attachment.additional",
            "module.devlake.module.devlake_alb.aws_lb_target_group_attachment.this",
            "module.devlake.module.devlake_alb.aws_route53_record.this",
            "module.devlake.module.devlake_alb.aws_security_group.this",
            "module.devlake.module.devlake_alb.aws_vpc_security_group_egress_rule.this",
            "module.devlake.module.devlake_alb.aws_vpc_security_group_ingress_rule.this",
            "module.devlake.module.devlake_alb.aws_wafv2_web_acl_association.this",
            "module.devlake.module.devlake_alb.data.aws_partition.current"
          ]
        }
      ]
    },
    {
      "module": "module.devlake",
      "mode": "managed",
      "type": "aws_ecs_service",
      "name": "devlake",
      "provider": "provider[\"registry.terraform.io/hashicorp/aws\"]",
      "instances": [
        {
          "schema_version": 1,
          "attributes": {
            "alarms": [],
            "availability_zone_rebalancing": "DISABLED",
            "capacity_provider_strategy": [
              {
                "base": 1,
                "capacity_provider": "FARGATE",
                "weight": 100
              }
            ],
            "cluster": "arn:aws:ecs:us-east-1:145702441124:cluster/devlake-cluster",
            "deployment_circuit_breaker": [
              {
                "enable": false,
                "rollback": false
              }
            ],
            "deployment_controller": [
              {
                "type": "ECS"
              }
            ],
            "deployment_maximum_percent": 100,
            "deployment_minimum_healthy_percent": 0,
            "desired_count": 1,
            "enable_ecs_managed_tags": false,
            "enable_execute_command": false,
            "force_delete": null,
            "force_new_deployment": null,
            "health_check_grace_period_seconds": 300,
            "iam_role": "/aws-service-role/ecs.amazonaws.com/AWSServiceRoleForECS",
            "id": "arn:aws:ecs:us-east-1:145702441124:service/devlake-cluster/devlake",
            "launch_type": "",
            "load_balancer": [],
            "name": "devlake",
            "network_configuration": [
              {
                "assign_public_ip": false,
                "security_groups": [
                  "sg-0ee2e1df9128f5dc6"
                ],
                "subnets": [
                  "subnet-0a7ce045e02a84fac",
                  "subnet-0d40f64710ad4e1b1"
                ]
              }
            ],
            "ordered_placement_strategy": [],
            "placement_constraints": [],
            "platform_version": "LATEST",
            "propagate_tags": "SERVICE",
            "scheduling_strategy": "REPLICA",
            "service_connect_configuration": [],
            "service_registries": [
              {
                "container_name": "",
                "container_port": 0,
                "port": 0,
                "registry_arn": "arn:aws:servicediscovery:us-east-1:145702441124:service/srv-xbgzr3y7oojy6dca"
              }
            ],
            "tags": {
              "Name": "devlaketoco"
            },
            "tags_all": {
              "Name": "devlaketoco"
            },
            "task_definition": "arn:aws:ecs:us-east-1:145702441124:task-definition/devlake:6",
            "timeouts": null,
            "triggers": {},
            "volume_configuration": [],
            "vpc_lattice_configurations": [],
            "wait_for_steady_state": false
          },
          "sensitive_attributes": [],
          "identity_schema_version": 0,
          "private": "eyJlMmJmYjczMC1lY2FhLTExZTYtOGY4OC0zNDM2M2JjN2M0YzAiOnsiY3JlYXRlIjoxMjAwMDAwMDAwMDAwLCJkZWxldGUiOjEyMDAwMDAwMDAwMDAsInVwZGF0ZSI6MTIwMDAwMDAwMDAwMH0sInNjaGVtYV92ZXJzaW9uIjoiMSJ9",
          "dependencies": [
            "aws_subnet.private_subnets",
            "aws_vpc.devlake_vpc",
            "data.aws_availability_zones.available",
            "module.devlake.aws_cloudwatch_log_group.devlake",
            "module.devlake.aws_ecs_cluster.devlake",
            "module.devlake.aws_ecs_task_definition.devlake",
            "module.devlake.aws_iam_role.ecs_task_execution_role",
            "module.devlake.aws_security_group.alb",
            "module.devlake.aws_security_group.ecs_tasks",
            "module.devlake.aws_security_group.rds",
            "module.devlake.aws_service_discovery_private_dns_namespace.devlake",
            "module.devlake.aws_service_discovery_service.devlake",
            "module.devlake.module.devlake-rds.module.db_instance.aws_cloudwatch_log_group.this",
            "module.devlake.module.devlake-rds.module.db_instance.aws_db_instance.this",
            "module.devlake.module.devlake-rds.module.db_instance.aws_iam_role.enhanced_monitoring",
            "module.devlake.module.devlake-rds.module.db_instance.data.aws_iam_policy_document.enhanced_monitoring",
            "module.devlake.module.devlake-rds.module.db_instance.random_id.snapshot_identifier",
            "module.devlake.module.devlake-rds.module.db_option_group.aws_db_option_group.this",
            "module.devlake.module.devlake-rds.module.db_parameter_group.aws_db_parameter_group.this",
            "module.devlake.module.devlake-rds.module.db_subnet_group.aws_db_subnet_group.this"
          ]
        }
      ]
    },
    {
      "module": "module.devlake",
      "mode": "managed",
      "type": "aws_ecs_service",
      "name": "grafana",
      "provider": "provider[\"registry.terraform.io/hashicorp/aws\"]",
      "instances": [
        {
          "schema_version": 1,
          "attributes": {
            "alarms": [],
            "availability_zone_rebalancing": "DISABLED",
            "capacity_provider_strategy": [
              {
                "base": 1,
                "capacity_provider": "FARGATE",
                "weight": 100
              }
            ],
            "cluster": "arn:aws:ecs:us-east-1:145702441124:cluster/devlake-cluster",
            "deployment_circuit_breaker": [
              {
                "enable": false,
                "rollback": false
              }
            ],
            "deployment_controller": [
              {
                "type": "ECS"
              }
            ],
            "deployment_maximum_percent": 200,
            "deployment_minimum_healthy_percent": 100,
            "desired_count": 1,
            "enable_ecs_managed_tags": false,
            "enable_execute_command": false,
            "force_delete": null,
            "force_new_deployment": null,
            "health_check_grace_period_seconds": 0,
            "iam_role": "/aws-service-role/ecs.amazonaws.com/AWSServiceRoleForECS",
            "id": "arn:aws:ecs:us-east-1:145702441124:service/devlake-cluster/grafana",
            "launch_type": "",
            "load_balancer": [
              {
                "container_name": "grafana",
                "container_port": 3000,
                "elb_name": "",
                "target_group_arn": "arn:aws:elasticloadbalancing:us-east-1:145702441124:targetgroup/devlake-grafana-tg/2ce0e3cbbddb96c9"
              }
            ],
            "name": "grafana",
            "network_configuration": [
              {
                "assign_public_ip": false,
                "security_groups": [
                  "sg-0ee2e1df9128f5dc6"
                ],
                "subnets": [
                  "subnet-0a7ce045e02a84fac",
                  "subnet-0d40f64710ad4e1b1"
                ]
              }
            ],
            "ordered_placement_strategy": [],
            "placement_constraints": [],
            "platform_version": "LATEST",
            "propagate_tags": "SERVICE",
            "scheduling_strategy": "REPLICA",
            "service_connect_configuration": [],
            "service_registries": [
              {
                "container_name": "",
                "container_port": 0,
                "port": 0,
                "registry_arn": "arn:aws:servicediscovery:us-east-1:145702441124:service/srv-rw5gaz6nqedrhwjp"
              }
            ],
            "tags": {
              "Name": "devlaketoco"
            },
            "tags_all": {
              "Name": "devlaketoco"
            },
            "task_definition": "arn:aws:ecs:us-east-1:145702441124:task-definition/grafana:5",
            "timeouts": null,
            "triggers": {},
            "volume_configuration": [],
            "vpc_lattice_configurations": [],
            "wait_for_steady_state": false
          },
          "sensitive_attributes": [],
          "identity_schema_version": 0,
          "private": "eyJlMmJmYjczMC1lY2FhLTExZTYtOGY4OC0zNDM2M2JjN2M0YzAiOnsiY3JlYXRlIjoxMjAwMDAwMDAwMDAwLCJkZWxldGUiOjEyMDAwMDAwMDAwMDAsInVwZGF0ZSI6MTIwMDAwMDAwMDAwMH0sInNjaGVtYV92ZXJzaW9uIjoiMSJ9",
          "dependencies": [
            "aws_acm_certificate.devlake_cert",
            "aws_acm_certificate_validation.devlake_cert",
            "aws_route53_record.cert_validation",
            "aws_route53_zone.devlake_zone",
            "aws_subnet.private_subnets",
            "aws_subnet.public_subnets",
            "aws_vpc.devlake_vpc",
            "data.aws_availability_zones.available",
            "data.aws_route53_zone.existing_zone",
            "module.devlake.aws_cloudwatch_log_group.config_ui",
            "module.devlake.aws_cloudwatch_log_group.devlake",
            "module.devlake.aws_cloudwatch_log_group.grafana",
            "module.devlake.aws_ecs_cluster.devlake",
            "module.devlake.aws_ecs_service.config_ui",
            "module.devlake.aws_ecs_service.devlake",
            "module.devlake.aws_ecs_task_definition.config_ui",
            "module.devlake.aws_ecs_task_definition.devlake",
            "module.devlake.aws_ecs_task_definition.grafana",
            "module.devlake.aws_efs_access_point.grafana",
            "module.devlake.aws_efs_file_system.grafana",
            "module.devlake.aws_iam_role.ecs_task_execution_role",
            "module.devlake.aws_iam_role.grafana_task_role",
            "module.devlake.aws_security_group.alb",
            "module.devlake.aws_security_group.ecs_tasks",
            "module.devlake.aws_security_group.rds",
            "module.devlake.aws_service_discovery_private_dns_namespace.devlake",
            "module.devlake.aws_service_discovery_service.config_ui",
            "module.devlake.aws_service_discovery_service.devlake",
            "module.devlake.aws_service_discovery_service.grafana",
            "module.devlake.module.devlake-rds.module.db_instance.aws_cloudwatch_log_group.this",
            "module.devlake.module.devlake-rds.module.db_instance.aws_db_instance.this",
            "module.devlake.module.devlake-rds.module.db_instance.aws_iam_role.enhanced_monitoring",
            "module.devlake.module.devlake-rds.module.db_instance.data.aws_iam_policy_document.enhanced_monitoring",
            "module.devlake.module.devlake-rds.module.db_instance.random_id.snapshot_identifier",
            "module.devlake.module.devlake-rds.module.db_option_group.aws_db_option_group.this",
            "module.devlake.module.devlake-rds.module.db_parameter_group.aws_db_parameter_group.this",
            "module.devlake.module.devlake-rds.module.db_subnet_group.aws_db_subnet_group.this",
            "module.devlake.module.devlake_alb.aws_lambda_permission.this",
            "module.devlake.module.devlake_alb.aws_lb.this",
            "module.devlake.module.devlake_alb.aws_lb_listener.this",
            "module.devlake.module.devlake_alb.aws_lb_listener_certificate.this",
            "module.devlake.module.devlake_alb.aws_lb_listener_rule.this",
            "module.devlake.module.devlake_alb.aws_lb_target_group.this",
            "module.devlake.module.devlake_alb.aws_lb_target_group_attachment.additional",
            "module.devlake.module.devlake_alb.aws_lb_target_group_attachment.this",
            "module.devlake.module.devlake_alb.aws_route53_record.this",
            "module.devlake.module.devlake_alb.aws_security_group.this",
            "module.devlake.module.devlake_alb.aws_vpc_security_group_egress_rule.this",
            "module.devlake.module.devlake_alb.aws_vpc_security_group_ingress_rule.this",
            "module.devlake.module.devlake_alb.aws_wafv2_web_acl_association.this",
            "module.devlake.module.devlake_alb.data.aws_partition.current"
          ]
        }
      ]
    },
    {
      "module": "module.devlake",
      "mode": "managed",
      "type": "aws_ecs_task_definition",
      "name": "config_ui",
      "provider": "provider[\"registry.terraform.io/hashicorp/aws\"]",
      "instances": [
        {
          "schema_version": 1,
          "attributes": {
            "arn": "arn:aws:ecs:us-east-1:145702441124:task-definition/config-ui:5",
            "arn_without_revision": "arn:aws:ecs:us-east-1:145702441124:task-definition/config-ui",
            "container_definitions": "[{\"environment\":[{\"name\":\"DEVLAKE_ENDPOINT\",\"value\":\"devlake.devlake-ns:8080\"},{\"name\":\"GRAFANA_ENDPOINT\",\"value\":\"grafana.devlake-ns:3000\"},{\"name\":\"TZ\",\"value\":\"UTC\"}],\"essential\":true,\"healthCheck\":{\"command\":[\"CMD-SHELL\",\"curl -f http://localhost:4000 || exit 1\"],\"interval\":30,\"retries\":3,\"startPeriod\":60,\"timeout\":5},\"image\":\"devlake.docker.scarf.sh/apache/devlake-config-ui:latest\",\"logConfiguration\":{\"logDriver\":\"awslogs\",\"options\":{\"awslogs-stream-prefix\":\"config-ui\",\"awslogs-group\":\"/ecs/config-ui\",\"awslogs-region\":\"us-east-1\"}},\"mountPoints\":[],\"name\":\"config-ui\",\"portMappings\":[{\"containerPort\":4000,\"hostPort\":4000,\"name\":\"config-ui-port\",\"protocol\":\"tcp\"}],\"systemControls\":[],\"volumesFrom\":[]}]",
            "cpu": "512",
            "enable_fault_injection": false,
            "ephemeral_storage": [],
            "execution_role_arn": "arn:aws:iam::145702441124:role/devlake-ecs-task-execution-role",
            "family": "config-ui",
            "id": "config-ui",
            "inference_accelerator": [],
            "ipc_mode": "",
            "memory": "1024",
            "network_mode": "awsvpc",
            "pid_mode": "",
            "placement_constraints": [],
            "proxy_configuration": [],
            "requires_compatibilities": [
              "FARGATE"
            ],
            "revision": 5,
            "runtime_platform": [],
            "skip_destroy": false,
            "tags": {
              "Name": "devlaketoco"
            },
            "tags_all": {
              "Name": "devlaketoco"
            },
            "task_role_arn": "",
            "track_latest": false,
            "volume": []
          },
          "sensitive_attributes": [],
          "identity_schema_version": 0,
          "private": "eyJzY2hlbWFfdmVyc2lvbiI6IjEifQ==",
          "dependencies": [
            "module.devlake.aws_cloudwatch_log_group.config_ui",
            "module.devlake.aws_iam_role.ecs_task_execution_role"
          ]
        }
      ]
    },
    {
      "module": "module.devlake",
      "mode": "managed",
      "type": "aws_ecs_task_definition",
      "name": "devlake",
      "provider": "provider[\"registry.terraform.io/hashicorp/aws\"]",
      "instances": [
        {
          "schema_version": 1,
          "attributes": {
            "arn": "arn:aws:ecs:us-east-1:145702441124:task-definition/devlake:6",
            "arn_without_revision": "arn:aws:ecs:us-east-1:145702441124:task-definition/devlake",
            "container_definitions": "[{\"environment\":[{\"name\":\"DB_URL\",\"value\":\"mysql://devlake:Priscila#01A@devlake-db.cw1e8ws22a34.us-east-1.rds.amazonaws.com:3306:3306/devlake?charset=utf8mb4\u0026parseTime=True\u0026loc=UTC\"},{\"name\":\"ENCRYPTION_SECRET\",\"value\":\"890abcdef123456854e0f6799da1870147015a824fc338953554de299358123ccbf7ea7a8edc458\"},{\"name\":\"LOGGING_DIR\",\"value\":\"/app/logs\"},{\"name\":\"TZ\",\"value\":\"UTC\"}],\"essential\":true,\"healthCheck\":{\"command\":[\"CMD-SHELL\",\"curl -f http://localhost:8080/api/ping || exit 1\"],\"interval\":60,\"retries\":5,\"startPeriod\":300,\"timeout\":30},\"image\":\"devlake.docker.scarf.sh/apache/devlake:v1.0.1\",\"logConfiguration\":{\"logDriver\":\"awslogs\",\"options\":{\"awslogs-region\":\"us-east-1\",\"awslogs-stream-prefix\":\"devlake\",\"awslogs-group\":\"/ecs/devlake\"}},\"mountPoints\":[],\"name\":\"devlake\",\"portMappings\":[{\"containerPort\":8080,\"hostPort\":8080,\"name\":\"devlake-port\",\"protocol\":\"tcp\"}],\"systemControls\":[],\"volumesFrom\":[]}]",
            "cpu": "1024",
            "enable_fault_injection": false,
            "ephemeral_storage": [],
            "execution_role_arn": "arn:aws:iam::145702441124:role/devlake-ecs-task-execution-role",
            "family": "devlake",
            "id": "devlake",
            "inference_accelerator": [],
            "ipc_mode": "",
            "memory": "2048",
            "network_mode": "awsvpc",
            "pid_mode": "",
            "placement_constraints": [],
            "proxy_configuration": [],
            "requires_compatibilities": [
              "FARGATE"
            ],
            "revision": 6,
            "runtime_platform": [],
            "skip_destroy": false,
            "tags": {
              "Name": "devlaketoco"
            },
            "tags_all": {
              "Name": "devlaketoco"
            },
            "task_role_arn": "",
            "track_latest": false,
            "volume": []
          },
          "sensitive_attributes": [
            [
              {
                "type": "get_attr",
                "value": "container_definitions"
              }
            ]
          ],
          "identity_schema_version": 0,
          "private": "eyJzY2hlbWFfdmVyc2lvbiI6IjEifQ==",
          "dependencies": [
            "aws_subnet.private_subnets",
            "aws_vpc.devlake_vpc",
            "data.aws_availability_zones.available",
            "module.devlake.aws_cloudwatch_log_group.devlake",
            "module.devlake.aws_iam_role.ecs_task_execution_role",
            "module.devlake.aws_security_group.alb",
            "module.devlake.aws_security_group.ecs_tasks",
            "module.devlake.aws_security_group.rds",
            "module.devlake.module.devlake-rds.module.db_instance.aws_cloudwatch_log_group.this",
            "module.devlake.module.devlake-rds.module.db_instance.aws_db_instance.this",
            "module.devlake.module.devlake-rds.module.db_instance.aws_iam_role.enhanced_monitoring",
            "module.devlake.module.devlake-rds.module.db_instance.data.aws_iam_policy_document.enhanced_monitoring",
            "module.devlake.module.devlake-rds.module.db_instance.random_id.snapshot_identifier",
            "module.devlake.module.devlake-rds.module.db_option_group.aws_db_option_group.this",
            "module.devlake.module.devlake-rds.module.db_parameter_group.aws_db_parameter_group.this",
            "module.devlake.module.devlake-rds.module.db_subnet_group.aws_db_subnet_group.this"
          ]
        }
      ]
    },
    {
      "module": "module.devlake",
      "mode": "managed",
      "type": "aws_ecs_task_definition",
      "name": "grafana",
      "provider": "provider[\"registry.terraform.io/hashicorp/aws\"]",
      "instances": [
        {
          "schema_version": 1,
          "attributes": {
            "arn": "arn:aws:ecs:us-east-1:145702441124:task-definition/grafana:5",
            "arn_without_revision": "arn:aws:ecs:us-east-1:145702441124:task-definition/grafana",
            "container_definitions": "[{\"environment\":[{\"name\":\"GF_SERVER_ROOT_URL\",\"value\":\"https://devlake.devlaketoco.com/grafana\"},{\"name\":\"MYSQL_DATABASE\",\"value\":\"devlake\"},{\"name\":\"MYSQL_PASSWORD\",\"value\":\"Priscila#01A\"},{\"name\":\"MYSQL_URL\",\"value\":\"devlake-db.cw1e8ws22a34.us-east-1.rds.amazonaws.com:3306\"},{\"name\":\"MYSQL_USER\",\"value\":\"devlake\"},{\"name\":\"TZ\",\"value\":\"UTC\"}],\"essential\":true,\"healthCheck\":{\"command\":[\"CMD-SHELL\",\"curl -f http://localhost:3000/api/health || exit 1\"],\"interval\":30,\"retries\":3,\"startPeriod\":90,\"timeout\":5},\"image\":\"devlake.docker.scarf.sh/apache/devlake-dashboard:v1.0.1\",\"logConfiguration\":{\"logDriver\":\"awslogs\",\"options\":{\"awslogs-group\":\"/ecs/grafana\",\"awslogs-region\":\"us-east-1\",\"awslogs-stream-prefix\":\"grafana\"}},\"mountPoints\":[{\"containerPath\":\"/var/lib/grafana\",\"readOnly\":false,\"sourceVolume\":\"grafana-storage\"}],\"name\":\"grafana\",\"portMappings\":[{\"containerPort\":3000,\"hostPort\":3000,\"name\":\"grafana-port\",\"protocol\":\"tcp\"}],\"systemControls\":[],\"volumesFrom\":[]}]",
            "cpu": "512",
            "enable_fault_injection": false,
            "ephemeral_storage": [],
            "execution_role_arn": "arn:aws:iam::145702441124:role/devlake-ecs-task-execution-role",
            "family": "grafana",
            "id": "grafana",
            "inference_accelerator": [],
            "ipc_mode": "",
            "memory": "1024",
            "network_mode": "awsvpc",
            "pid_mode": "",
            "placement_constraints": [],
            "proxy_configuration": [],
            "requires_compatibilities": [
              "FARGATE"
            ],
            "revision": 5,
            "runtime_platform": [],
            "skip_destroy": false,
            "tags": {
              "Name": "devlaketoco"
            },
            "tags_all": {
              "Name": "devlaketoco"
            },
            "task_role_arn": "arn:aws:iam::145702441124:role/devlake-grafana-task-role",
            "track_latest": false,
            "volume": [
              {
                "configure_at_launch": false,
                "docker_volume_configuration": [],
                "efs_volume_configuration": [
                  {
                    "authorization_config": [
                      {
                        "access_point_id": "fsap-02c6025f13b4f27ad",
                        "iam": "ENABLED"
                      }
                    ],
                    "file_system_id": "fs-02243215fc561c570",
                    "root_directory": "/",
                    "transit_encryption": "ENABLED",
                    "transit_encryption_port": 0
                  }
                ],
                "fsx_windows_file_server_volume_configuration": [],
                "host_path": "",
                "name": "grafana-storage"
              }
            ]
          },
          "sensitive_attributes": [
            [
              {
                "type": "get_attr",
                "value": "container_definitions"
              }
            ]
          ],
          "identity_schema_version": 0,
          "private": "eyJzY2hlbWFfdmVyc2lvbiI6IjEifQ==",
          "dependencies": [
            "aws_subnet.private_subnets",
            "aws_vpc.devlake_vpc",
            "data.aws_availability_zones.available",
            "module.devlake.aws_cloudwatch_log_group.grafana",
            "module.devlake.aws_efs_access_point.grafana",
            "module.devlake.aws_efs_file_system.grafana",
            "module.devlake.aws_iam_role.ecs_task_execution_role",
            "module.devlake.aws_iam_role.grafana_task_role",
            "module.devlake.aws_security_group.alb",
            "module.devlake.aws_security_group.ecs_tasks",
            "module.devlake.aws_security_group.rds",
            "module.devlake.module.devlake-rds.module.db_instance.aws_cloudwatch_log_group.this",
            "module.devlake.module.devlake-rds.module.db_instance.aws_db_instance.this",
            "module.devlake.module.devlake-rds.module.db_instance.aws_iam_role.enhanced_monitoring",
            "module.devlake.module.devlake-rds.module.db_instance.data.aws_iam_policy_document.enhanced_monitoring",
            "module.devlake.module.devlake-rds.module.db_instance.random_id.snapshot_identifier",
            "module.devlake.module.devlake-rds.module.db_option_group.aws_db_option_group.this",
            "module.devlake.module.devlake-rds.module.db_parameter_group.aws_db_parameter_group.this",
            "module.devlake.module.devlake-rds.module.db_subnet_group.aws_db_subnet_group.this"
          ]
        }
      ]
    },
    {
      "module": "module.devlake",
      "mode": "managed",
      "type": "aws_efs_access_point",
      "name": "grafana",
      "provider": "provider[\"registry.terraform.io/hashicorp/aws\"]",
      "instances": [
        {
          "schema_version": 0,
          "attributes": {
            "arn": "arn:aws:elasticfilesystem:us-east-1:145702441124:access-point/fsap-02c6025f13b4f27ad",
            "file_system_arn": "arn:aws:elasticfilesystem:us-east-1:145702441124:file-system/fs-02243215fc561c570",
            "file_system_id": "fs-02243215fc561c570",
            "id": "fsap-02c6025f13b4f27ad",
            "owner_id": "145702441124",
            "posix_user": [
              {
                "gid": 472,
                "secondary_gids": [],
                "uid": 472
              }
            ],
            "root_directory": [
              {
                "creation_info": [
                  {
                    "owner_gid": 472,
                    "owner_uid": 472,
                    "permissions": "755"
                  }
                ],
                "path": "/var/lib/grafana"
              }
            ],
            "tags": {
              "Name": "devlaketoco"
            },
            "tags_all": {
              "Name": "devlaketoco"
            }
          },
          "sensitive_attributes": [],
          "identity_schema_version": 0,
          "private": "bnVsbA==",
          "dependencies": [
            "module.devlake.aws_efs_file_system.grafana"
          ]
        }
      ]
    },
    {
      "module": "module.devlake",
      "mode": "managed",
      "type": "aws_efs_file_system",
      "name": "grafana",
      "provider": "provider[\"registry.terraform.io/hashicorp/aws\"]",
      "instances": [
        {
          "schema_version": 0,
          "attributes": {
            "arn": "arn:aws:elasticfilesystem:us-east-1:145702441124:file-system/fs-02243215fc561c570",
            "availability_zone_id": "",
            "availability_zone_name": "",
            "creation_token": "grafana-storage",
            "dns_name": "fs-02243215fc561c570.efs.us-east-1.amazonaws.com",
            "encrypted": true,
            "id": "fs-02243215fc561c570",
            "kms_key_id": "arn:aws:kms:us-east-1:145702441124:key/85e8f4af-9b65-4f80-a3eb-59bd986b8901",
            "lifecycle_policy": [
              {
                "transition_to_archive": "",
                "transition_to_ia": "AFTER_30_DAYS",
                "transition_to_primary_storage_class": ""
              }
            ],
            "name": "devlaketoco",
            "number_of_mount_targets": 2,
            "owner_id": "145702441124",
            "performance_mode": "generalPurpose",
            "protection": [
              {
                "replication_overwrite": "ENABLED"
              }
            ],
            "provisioned_throughput_in_mibps": 1,
            "size_in_bytes": [
              {
                "value": 6144,
                "value_in_ia": 0,
                "value_in_standard": 6144
              }
            ],
            "tags": {
              "Name": "devlaketoco"
            },
            "tags_all": {
              "Name": "devlaketoco"
            },
            "throughput_mode": "provisioned"
          },
          "sensitive_attributes": [],
          "identity_schema_version": 0,
          "private": "bnVsbA=="
        }
      ]
    },
    {
      "module": "module.devlake",
      "mode": "managed",
      "type": "aws_efs_mount_target",
      "name": "grafana",
      "provider": "provider[\"registry.terraform.io/hashicorp/aws\"]",
      "instances": [
        {
          "index_key": 0,
          "schema_version": 0,
          "attributes": {
            "availability_zone_id": "use1-az4",
            "availability_zone_name": "us-east-1a",
            "dns_name": "fs-02243215fc561c570.efs.us-east-1.amazonaws.com",
            "file_system_arn": "arn:aws:elasticfilesystem:us-east-1:145702441124:file-system/fs-02243215fc561c570",
            "file_system_id": "fs-02243215fc561c570",
            "id": "fsmt-0b343a9aebde07506",
            "ip_address": "10.0.10.87",
            "mount_target_dns_name": "us-east-1a.fs-02243215fc561c570.efs.us-east-1.amazonaws.com",
            "network_interface_id": "eni-0c2dee5836cbe6ec3",
            "owner_id": "145702441124",
            "security_groups": [
              "sg-07749d203b988716a"
            ],
            "subnet_id": "subnet-0a7ce045e02a84fac",
            "timeouts": null
          },
          "sensitive_attributes": [],
          "identity_schema_version": 0,
          "private": "eyJlMmJmYjczMC1lY2FhLTExZTYtOGY4OC0zNDM2M2JjN2M0YzAiOnsiY3JlYXRlIjoxODAwMDAwMDAwMDAwLCJkZWxldGUiOjYwMDAwMDAwMDAwMH19",
          "dependencies": [
            "aws_subnet.private_subnets",
            "aws_vpc.devlake_vpc",
            "data.aws_availability_zones.available",
            "module.devlake.aws_efs_file_system.grafana",
            "module.devlake.aws_security_group.alb",
            "module.devlake.aws_security_group.ecs_tasks",
            "module.devlake.aws_security_group.efs"
          ]
        },
        {
          "index_key": 1,
          "schema_version": 0,
          "attributes": {
            "availability_zone_id": "use1-az6",
            "availability_zone_name": "us-east-1b",
            "dns_name": "fs-02243215fc561c570.efs.us-east-1.amazonaws.com",
            "file_system_arn": "arn:aws:elasticfilesystem:us-east-1:145702441124:file-system/fs-02243215fc561c570",
            "file_system_id": "fs-02243215fc561c570",
            "id": "fsmt-0e1604e07cde0a66f",
            "ip_address": "10.0.20.47",
            "mount_target_dns_name": "us-east-1b.fs-02243215fc561c570.efs.us-east-1.amazonaws.com",
            "network_interface_id": "eni-012823b1b08719938",
            "owner_id": "145702441124",
            "security_groups": [
              "sg-07749d203b988716a"
            ],
            "subnet_id": "subnet-0d40f64710ad4e1b1",
            "timeouts": null
          },
          "sensitive_attributes": [],
          "identity_schema_version": 0,
          "private": "eyJlMmJmYjczMC1lY2FhLTExZTYtOGY4OC0zNDM2M2JjN2M0YzAiOnsiY3JlYXRlIjoxODAwMDAwMDAwMDAwLCJkZWxldGUiOjYwMDAwMDAwMDAwMH19",
          "dependencies": [
            "aws_subnet.private_subnets",
            "aws_vpc.devlake_vpc",
            "data.aws_availability_zones.available",
            "module.devlake.aws_efs_file_system.grafana",
            "module.devlake.aws_security_group.alb",
            "module.devlake.aws_security_group.ecs_tasks",
            "module.devlake.aws_security_group.efs"
          ]
        }
      ]
    },
    {
      "module": "module.devlake",
      "mode": "managed",
      "type": "aws_iam_role",
      "name": "ecs_task_execution_role",
      "provider": "provider[\"registry.terraform.io/hashicorp/aws\"]",
      "instances": [
        {
          "schema_version": 0,
          "attributes": {
            "arn": "arn:aws:iam::145702441124:role/devlake-ecs-task-execution-role",
            "assume_role_policy": "{\"Statement\":[{\"Action\":\"sts:AssumeRole\",\"Effect\":\"Allow\",\"Principal\":{\"Service\":\"ecs-tasks.amazonaws.com\"}}],\"Version\":\"2012-10-17\"}",
            "create_date": "2025-07-02T20:04:47Z",
            "description": "",
            "force_detach_policies": false,
            "id": "devlake-ecs-task-execution-role",
            "inline_policy": [],
            "managed_policy_arns": [
              "arn:aws:iam::aws:policy/CloudWatchLogsFullAccess",
              "arn:aws:iam::aws:policy/service-role/AmazonECSTaskExecutionRolePolicy"
            ],
            "max_session_duration": 3600,
            "name": "devlake-ecs-task-execution-role",
            "name_prefix": "",
            "path": "/",
            "permissions_boundary": "",
            "tags": {
              "Name": "devlaketoco"
            },
            "tags_all": {
              "Name": "devlaketoco"
            },
            "unique_id": "AROASD3EK2CSIZXHKTOBY"
          },
          "sensitive_attributes": [],
          "identity_schema_version": 0,
          "private": "bnVsbA=="
        }
      ]
    },
    {
      "module": "module.devlake",
      "mode": "managed",
      "type": "aws_iam_role",
      "name": "grafana_task_role",
      "provider": "provider[\"registry.terraform.io/hashicorp/aws\"]",
      "instances": [
        {
          "schema_version": 0,
          "attributes": {
            "arn": "arn:aws:iam::145702441124:role/devlake-grafana-task-role",
            "assume_role_policy": "{\"Statement\":[{\"Action\":\"sts:AssumeRole\",\"Effect\":\"Allow\",\"Principal\":{\"Service\":\"ecs-tasks.amazonaws.com\"}}],\"Version\":\"2012-10-17\"}",
            "create_date": "2025-07-02T20:04:46Z",
            "description": "",
            "force_detach_policies": false,
            "id": "devlake-grafana-task-role",
            "inline_policy": [
              {
                "name": "grafana-efs-access-policy",
                "policy": "{\"Version\":\"2012-10-17\",\"Statement\":[{\"Action\":[\"elasticfilesystem:ClientMount\",\"elasticfilesystem:ClientWrite\",\"elasticfilesystem:DescribeAccessPoints\",\"elasticfilesystem:DescribeFileSystems\"],\"Effect\":\"Allow\",\"Resource\":\"*\"}]}"
              }
            ],
            "managed_policy_arns": [],
            "max_session_duration": 3600,
            "name": "devlake-grafana-task-role",
            "name_prefix": "",
            "path": "/",
            "permissions_boundary": "",
            "tags": {
              "Name": "devlaketoco"
            },
            "tags_all": {
              "Name": "devlaketoco"
            },
            "unique_id": "AROASD3EK2CSADH4XDV3Y"
          },
          "sensitive_attributes": [],
          "identity_schema_version": 0,
          "private": "bnVsbA=="
        }
      ]
    },
    {
      "module": "module.devlake",
      "mode": "managed",
      "type": "aws_iam_role_policy",
      "name": "grafana_efs_access_policy",
      "provider": "provider[\"registry.terraform.io/hashicorp/aws\"]",
      "instances": [
        {
          "schema_version": 0,
          "attributes": {
            "id": "devlake-grafana-task-role:grafana-efs-access-policy",
            "name": "grafana-efs-access-policy",
            "name_prefix": "",
            "policy": "{\"Version\":\"2012-10-17\",\"Statement\":[{\"Action\":[\"elasticfilesystem:ClientMount\",\"elasticfilesystem:ClientWrite\",\"elasticfilesystem:DescribeAccessPoints\",\"elasticfilesystem:DescribeFileSystems\"],\"Effect\":\"Allow\",\"Resource\":\"*\"}]}",
            "role": "devlake-grafana-task-role"
          },
          "sensitive_attributes": [],
          "identity_schema_version": 0,
          "private": "bnVsbA==",
          "dependencies": [
            "module.devlake.aws_iam_role.grafana_task_role"
          ]
        }
      ]
    },
    {
      "module": "module.devlake",
      "mode": "managed",
      "type": "aws_iam_role_policy_attachment",
      "name": "ecs_task_execution_role_policy",
      "provider": "provider[\"registry.terraform.io/hashicorp/aws\"]",
      "instances": [
        {
          "schema_version": 0,
          "attributes": {
            "id": "devlake-ecs-task-execution-role-20250702200448461500000005",
            "policy_arn": "arn:aws:iam::aws:policy/service-role/AmazonECSTaskExecutionRolePolicy",
            "role": "devlake-ecs-task-execution-role"
          },
          "sensitive_attributes": [],
          "identity_schema_version": 0,
          "private": "bnVsbA==",
          "dependencies": [
            "module.devlake.aws_iam_role.ecs_task_execution_role"
          ]
        }
      ]
    },
    {
      "module": "module.devlake",
      "mode": "managed",
      "type": "aws_iam_role_policy_attachment",
      "name": "ecs_task_execution_role_policy_cloudwatch",
      "provider": "provider[\"registry.terraform.io/hashicorp/aws\"]",
      "instances": [
        {
          "schema_version": 0,
          "attributes": {
            "id": "devlake-ecs-task-execution-role-20250702200448456800000004",
            "policy_arn": "arn:aws:iam::aws:policy/CloudWatchLogsFullAccess",
            "role": "devlake-ecs-task-execution-role"
          },
          "sensitive_attributes": [],
          "identity_schema_version": 0,
          "private": "bnVsbA==",
          "dependencies": [
            "module.devlake.aws_iam_role.ecs_task_execution_role"
          ]
        }
      ]
    },
    {
      "module": "module.devlake",
      "mode": "managed",
      "type": "aws_security_group",
      "name": "alb",
      "provider": "provider[\"registry.terraform.io/hashicorp/aws\"]",
      "instances": [
        {
          "schema_version": 1,
          "attributes": {
            "arn": "arn:aws:ec2:us-east-1:145702441124:security-group/sg-0f60acd75d675d059",
            "description": "Security group for DevLake ALB",
            "egress": [
              {
                "cidr_blocks": [
                  "0.0.0.0/0"
                ],
                "description": "Allow all outbound traffic",
                "from_port": 0,
                "ipv6_cidr_blocks": [],
                "prefix_list_ids": [],
                "protocol": "-1",
                "security_groups": [],
                "self": false,
                "to_port": 0
              }
            ],
            "id": "sg-0f60acd75d675d059",
            "ingress": [
              {
                "cidr_blocks": [
                  "0.0.0.0/0"
                ],
                "description": "Allow HTTP traffic",
                "from_port": 80,
                "ipv6_cidr_blocks": [],
                "prefix_list_ids": [],
                "protocol": "tcp",
                "security_groups": [],
                "self": false,
                "to_port": 80
              },
              {
                "cidr_blocks": [
                  "0.0.0.0/0"
                ],
                "description": "Allow HTTPS traffic",
                "from_port": 443,
                "ipv6_cidr_blocks": [],
                "prefix_list_ids": [],
                "protocol": "tcp",
                "security_groups": [],
                "self": false,
                "to_port": 443
              }
            ],
            "name": "devlake-alb",
            "name_prefix": "",
            "owner_id": "145702441124",
            "revoke_rules_on_delete": false,
            "tags": {
              "Name": "devlaketoco"
            },
            "tags_all": {
              "Name": "devlaketoco"
            },
            "timeouts": null,
            "vpc_id": "vpc-0a8bd81cd610eaecb"
          },
          "sensitive_attributes": [],
          "identity_schema_version": 0,
          "private": "eyJlMmJmYjczMC1lY2FhLTExZTYtOGY4OC0zNDM2M2JjN2M0YzAiOnsiY3JlYXRlIjo2MDAwMDAwMDAwMDAsImRlbGV0ZSI6OTAwMDAwMDAwMDAwfSwic2NoZW1hX3ZlcnNpb24iOiIxIn0=",
          "dependencies": [
            "aws_vpc.devlake_vpc"
          ]
        }
      ]
    },
    {
      "module": "module.devlake",
      "mode": "managed",
      "type": "aws_security_group",
      "name": "ecs_tasks",
      "provider": "provider[\"registry.terraform.io/hashicorp/aws\"]",
      "instances": [
        {
          "schema_version": 1,
          "attributes": {
            "arn": "arn:aws:ec2:us-east-1:145702441124:security-group/sg-0ee2e1df9128f5dc6",
            "description": "Security group for ECS tasks",
            "egress": [
              {
                "cidr_blocks": [
                  "0.0.0.0/0"
                ],
                "description": "Allow all outbound traffic",
                "from_port": 0,
                "ipv6_cidr_blocks": [],
                "prefix_list_ids": [],
                "protocol": "-1",
                "security_groups": [],
                "self": false,
                "to_port": 0
              }
            ],
            "id": "sg-0ee2e1df9128f5dc6",
            "ingress": [
              {
                "cidr_blocks": [],
                "description": "Allow traffic from ALB to Config UI",
                "from_port": 4000,
                "ipv6_cidr_blocks": [],
                "prefix_list_ids": [],
                "protocol": "tcp",
                "security_groups": [
                  "sg-0f60acd75d675d059"
                ],
                "self": false,
                "to_port": 4000
              },
              {
                "cidr_blocks": [],
                "description": "Allow traffic from ALB to DevLake API",
                "from_port": 8080,
                "ipv6_cidr_blocks": [],
                "prefix_list_ids": [],
                "protocol": "tcp",
                "security_groups": [
                  "sg-0f60acd75d675d059"
                ],
                "self": false,
                "to_port": 8080
              },
              {
                "cidr_blocks": [],
                "description": "Allow traffic from ALB to Grafana",
                "from_port": 3000,
                "ipv6_cidr_blocks": [],
                "prefix_list_ids": [],
                "protocol": "tcp",
                "security_groups": [
                  "sg-0f60acd75d675d059"
                ],
                "self": false,
                "to_port": 3000
              },
              {
                "cidr_blocks": [],
                "description": "Allow traffic from other ECS tasks to Config UI",
                "from_port": 4000,
                "ipv6_cidr_blocks": [],
                "prefix_list_ids": [],
                "protocol": "tcp",
                "security_groups": [],
                "self": true,
                "to_port": 4000
              },
              {
                "cidr_blocks": [],
                "description": "Allow traffic from other ECS tasks to DevLake API",
                "from_port": 8080,
                "ipv6_cidr_blocks": [],
                "prefix_list_ids": [],
                "protocol": "tcp",
                "security_groups": [],
                "self": true,
                "to_port": 8080
              },
              {
                "cidr_blocks": [],
                "description": "Allow traffic from other ECS tasks to Grafana",
                "from_port": 3000,
                "ipv6_cidr_blocks": [],
                "prefix_list_ids": [],
                "protocol": "tcp",
                "security_groups": [],
                "self": true,
                "to_port": 3000
              }
            ],
            "name": "devlake-ecs-tasks",
            "name_prefix": "",
            "owner_id": "145702441124",
            "revoke_rules_on_delete": false,
            "tags": {
              "Name": "devlaketoco"
            },
            "tags_all": {
              "Name": "devlaketoco"
            },
            "timeouts": null,
            "vpc_id": "vpc-0a8bd81cd610eaecb"
          },
          "sensitive_attributes": [],
          "identity_schema_version": 0,
          "private": "eyJlMmJmYjczMC1lY2FhLTExZTYtOGY4OC0zNDM2M2JjN2M0YzAiOnsiY3JlYXRlIjo2MDAwMDAwMDAwMDAsImRlbGV0ZSI6OTAwMDAwMDAwMDAwfSwic2NoZW1hX3ZlcnNpb24iOiIxIn0=",
          "dependencies": [
            "aws_vpc.devlake_vpc",
            "module.devlake.aws_security_group.alb"
          ]
        }
      ]
    },
    {
      "module": "module.devlake",
      "mode": "managed",
      "type": "aws_security_group",
      "name": "efs",
      "provider": "provider[\"registry.terraform.io/hashicorp/aws\"]",
      "instances": [
        {
          "schema_version": 1,
          "attributes": {
            "arn": "arn:aws:ec2:us-east-1:145702441124:security-group/sg-07749d203b988716a",
            "description": "Security group for Grafana EFS mount targets",
            "egress": [
              {
                "cidr_blocks": [
                  "0.0.0.0/0"
                ],
                "description": "Allow all outbound traffic",
                "from_port": 0,
                "ipv6_cidr_blocks": [],
                "prefix_list_ids": [],
                "protocol": "-1",
                "security_groups": [],
                "self": false,
                "to_port": 0
              }
            ],
            "id": "sg-07749d203b988716a",
            "ingress": [
              {
                "cidr_blocks": [],
                "description": "Allow NFS access from ECS tasks",
                "from_port": 2049,
                "ipv6_cidr_blocks": [],
                "prefix_list_ids": [],
                "protocol": "tcp",
                "security_groups": [
                  "sg-0ee2e1df9128f5dc6"
                ],
                "self": false,
                "to_port": 2049
              }
            ],
            "name": "grafana-efs",
            "name_prefix": "",
            "owner_id": "145702441124",
            "revoke_rules_on_delete": false,
            "tags": {
              "Name": "devlaketoco"
            },
            "tags_all": {
              "Name": "devlaketoco"
            },
            "timeouts": null,
            "vpc_id": "vpc-0a8bd81cd610eaecb"
          },
          "sensitive_attributes": [],
          "identity_schema_version": 0,
          "private": "eyJlMmJmYjczMC1lY2FhLTExZTYtOGY4OC0zNDM2M2JjN2M0YzAiOnsiY3JlYXRlIjo2MDAwMDAwMDAwMDAsImRlbGV0ZSI6OTAwMDAwMDAwMDAwfSwic2NoZW1hX3ZlcnNpb24iOiIxIn0=",
          "dependencies": [
            "aws_vpc.devlake_vpc",
            "module.devlake.aws_security_group.alb",
            "module.devlake.aws_security_group.ecs_tasks"
          ]
        }
      ]
    },
    {
      "module": "module.devlake",
      "mode": "managed",
      "type": "aws_security_group",
      "name": "rds",
      "provider": "provider[\"registry.terraform.io/hashicorp/aws\"]",
      "instances": [
        {
          "schema_version": 1,
          "attributes": {
            "arn": "arn:aws:ec2:us-east-1:145702441124:security-group/sg-0b67d79aadeac98a0",
            "description": "Security group for DevLake RDS",
            "egress": [
              {
                "cidr_blocks": [
                  "0.0.0.0/0"
                ],
                "description": "Allow all outbound traffic",
                "from_port": 0,
                "ipv6_cidr_blocks": [],
                "prefix_list_ids": [],
                "protocol": "-1",
                "security_groups": [],
                "self": false,
                "to_port": 0
              }
            ],
            "id": "sg-0b67d79aadeac98a0",
            "ingress": [
              {
                "cidr_blocks": [],
                "description": "Allow MySQL access from ECS tasks",
                "from_port": 3306,
                "ipv6_cidr_blocks": [],
                "prefix_list_ids": [],
                "protocol": "tcp",
                "security_groups": [
                  "sg-0ee2e1df9128f5dc6"
                ],
                "self": false,
                "to_port": 3306
              }
            ],
            "name": "devlake-rds",
            "name_prefix": "",
            "owner_id": "145702441124",
            "revoke_rules_on_delete": false,
            "tags": {
              "Name": "devlaketoco"
            },
            "tags_all": {
              "Name": "devlaketoco"
            },
            "timeouts": null,
            "vpc_id": "vpc-0a8bd81cd610eaecb"
          },
          "sensitive_attributes": [],
          "identity_schema_version": 0,
          "private": "eyJlMmJmYjczMC1lY2FhLTExZTYtOGY4OC0zNDM2M2JjN2M0YzAiOnsiY3JlYXRlIjo2MDAwMDAwMDAwMDAsImRlbGV0ZSI6OTAwMDAwMDAwMDAwfSwic2NoZW1hX3ZlcnNpb24iOiIxIn0=",
          "dependencies": [
            "aws_vpc.devlake_vpc",
            "module.devlake.aws_security_group.alb",
            "module.devlake.aws_security_group.ecs_tasks"
          ]
        }
      ]
    },
    {
      "module": "module.devlake",
      "mode": "managed",
      "type": "aws_service_discovery_private_dns_namespace",
      "name": "devlake",
      "provider": "provider[\"registry.terraform.io/hashicorp/aws\"]",
      "instances": [
        {
          "schema_version": 0,
          "attributes": {
            "arn": "arn:aws:servicediscovery:us-east-1:145702441124:namespace/ns-vqojcw3rfxcvnuyr",
            "description": "Private DNS namespace for DevLake services",
            "hosted_zone": "Z01230871ADQTFV9ZYIE6",
            "id": "ns-vqojcw3rfxcvnuyr",
            "name": "devlake-ns",
            "tags": {
              "Name": "devlaketoco"
            },
            "tags_all": {
              "Name": "devlaketoco"
            },
            "vpc": "vpc-0a8bd81cd610eaecb"
          },
          "sensitive_attributes": [],
          "identity_schema_version": 0,
          "private": "bnVsbA==",
          "dependencies": [
            "aws_vpc.devlake_vpc"
          ]
        }
      ]
    },
    {
      "module": "module.devlake",
      "mode": "managed",
      "type": "aws_service_discovery_service",
      "name": "config_ui",
      "provider": "provider[\"registry.terraform.io/hashicorp/aws\"]",
      "instances": [
        {
          "schema_version": 0,
          "attributes": {
            "arn": "arn:aws:servicediscovery:us-east-1:145702441124:service/srv-7fgrnbptokv7wtgh",
            "description": "",
            "dns_config": [
              {
                "dns_records": [
                  {
                    "ttl": 10,
                    "type": "A"
                  }
                ],
                "namespace_id": "ns-vqojcw3rfxcvnuyr",
                "routing_policy": "MULTIVALUE"
              }
            ],
            "force_destroy": false,
            "health_check_config": [],
            "health_check_custom_config": [
              {
                "failure_threshold": 1
              }
            ],
            "id": "srv-7fgrnbptokv7wtgh",
            "name": "config-ui",
            "namespace_id": "ns-vqojcw3rfxcvnuyr",
            "tags": {
              "Name": "devlaketoco"
            },
            "tags_all": {
              "Name": "devlaketoco"
            },
            "type": "DNS_HTTP"
          },
          "sensitive_attributes": [],
          "identity_schema_version": 0,
          "private": "bnVsbA==",
          "dependencies": [
            "aws_vpc.devlake_vpc",
            "module.devlake.aws_service_discovery_private_dns_namespace.devlake"
          ]
        }
      ]
    },
    {
      "module": "module.devlake",
      "mode": "managed",
      "type": "aws_service_discovery_service",
      "name": "devlake",
      "provider": "provider[\"registry.terraform.io/hashicorp/aws\"]",
      "instances": [
        {
          "schema_version": 0,
          "attributes": {
            "arn": "arn:aws:servicediscovery:us-east-1:145702441124:service/srv-xbgzr3y7oojy6dca",
            "description": "",
            "dns_config": [
              {
                "dns_records": [
                  {
                    "ttl": 10,
                    "type": "A"
                  }
                ],
                "namespace_id": "ns-vqojcw3rfxcvnuyr",
                "routing_policy": "MULTIVALUE"
              }
            ],
            "force_destroy": false,
            "health_check_config": [],
            "health_check_custom_config": [
              {
                "failure_threshold": 1
              }
            ],
            "id": "srv-xbgzr3y7oojy6dca",
            "name": "devlake",
            "namespace_id": "ns-vqojcw3rfxcvnuyr",
            "tags": {
              "Name": "devlaketoco"
            },
            "tags_all": {
              "Name": "devlaketoco"
            },
            "type": "DNS_HTTP"
          },
          "sensitive_attributes": [],
          "identity_schema_version": 0,
          "private": "bnVsbA==",
          "dependencies": [
            "aws_vpc.devlake_vpc",
            "module.devlake.aws_service_discovery_private_dns_namespace.devlake"
          ]
        }
      ]
    },
    {
      "module": "module.devlake",
      "mode": "managed",
      "type": "aws_service_discovery_service",
      "name": "grafana",
      "provider": "provider[\"registry.terraform.io/hashicorp/aws\"]",
      "instances": [
        {
          "schema_version": 0,
          "attributes": {
            "arn": "arn:aws:servicediscovery:us-east-1:145702441124:service/srv-rw5gaz6nqedrhwjp",
            "description": "",
            "dns_config": [
              {
                "dns_records": [
                  {
                    "ttl": 10,
                    "type": "A"
                  }
                ],
                "namespace_id": "ns-vqojcw3rfxcvnuyr",
                "routing_policy": "MULTIVALUE"
              }
            ],
            "force_destroy": false,
            "health_check_config": [],
            "health_check_custom_config": [
              {
                "failure_threshold": 1
              }
            ],
            "id": "srv-rw5gaz6nqedrhwjp",
            "name": "grafana",
            "namespace_id": "ns-vqojcw3rfxcvnuyr",
            "tags": {
              "Name": "devlaketoco"
            },
            "tags_all": {
              "Name": "devlaketoco"
            },
            "type": "DNS_HTTP"
          },
          "sensitive_attributes": [],
          "identity_schema_version": 0,
          "private": "bnVsbA==",
          "dependencies": [
            "aws_vpc.devlake_vpc",
            "module.devlake.aws_service_discovery_private_dns_namespace.devlake"
          ]
        }
      ]
    },
    {
      "module": "module.devlake.module.devlake-rds.module.db_instance",
      "mode": "data",
      "type": "aws_iam_policy_document",
      "name": "enhanced_monitoring",
      "provider": "provider[\"registry.terraform.io/hashicorp/aws\"]",
      "instances": [
        {
          "schema_version": 0,
          "attributes": {
            "id": "76086537",
            "json": "{\n  \"Version\": \"2012-10-17\",\n  \"Statement\": [\n    {\n      \"Effect\": \"Allow\",\n      \"Action\": \"sts:AssumeRole\",\n      \"Principal\": {\n        \"Service\": \"monitoring.rds.amazonaws.com\"\n      }\n    }\n  ]\n}",
            "minified_json": "{\"Version\":\"2012-10-17\",\"Statement\":[{\"Effect\":\"Allow\",\"Action\":\"sts:AssumeRole\",\"Principal\":{\"Service\":\"monitoring.rds.amazonaws.com\"}}]}",
            "override_json": null,
            "override_policy_documents": null,
            "policy_id": null,
            "source_json": null,
            "source_policy_documents": null,
            "statement": [
              {
                "actions": [
                  "sts:AssumeRole"
                ],
                "condition": [],
                "effect": "Allow",
                "not_actions": [],
                "not_principals": [],
                "not_resources": [],
                "principals": [
                  {
                    "identifiers": [
                      "monitoring.rds.amazonaws.com"
                    ],
                    "type": "Service"
                  }
                ],
                "resources": [],
                "sid": ""
              }
            ],
            "version": "2012-10-17"
          },
          "sensitive_attributes": [],
          "identity_schema_version": 0
        }
      ]
    },
    {
      "module": "module.devlake.module.devlake-rds.module.db_instance",
      "mode": "data",
      "type": "aws_partition",
      "name": "current",
      "provider": "provider[\"registry.terraform.io/hashicorp/aws\"]",
      "instances": [
        {
          "schema_version": 0,
          "attributes": {
            "dns_suffix": "amazonaws.com",
            "id": "aws",
            "partition": "aws",
            "reverse_dns_prefix": "com.amazonaws"
          },
          "sensitive_attributes": [],
          "identity_schema_version": 0
        }
      ]
    },
    {
      "module": "module.devlake.module.devlake-rds.module.db_instance",
      "mode": "managed",
      "type": "aws_cloudwatch_log_group",
      "name": "this",
      "provider": "provider[\"registry.terraform.io/hashicorp/aws\"]",
      "instances": [
        {
          "index_key": "error",
          "schema_version": 0,
          "attributes": {
            "arn": "arn:aws:logs:us-east-1:145702441124:log-group:/aws/rds/instance/devlake-db/error",
            "id": "/aws/rds/instance/devlake-db/error",
            "kms_key_id": "",
            "log_group_class": "STANDARD",
            "name": "/aws/rds/instance/devlake-db/error",
            "name_prefix": "",
            "retention_in_days": 7,
            "skip_destroy": false,
            "tags": {
              "Name": "devlaketoco"
            },
            "tags_all": {
              "Name": "devlaketoco"
            }
          },
          "sensitive_attributes": [],
          "identity_schema_version": 0,
          "private": "bnVsbA=="
        },
        {
          "index_key": "general",
          "schema_version": 0,
          "attributes": {
            "arn": "arn:aws:logs:us-east-1:145702441124:log-group:/aws/rds/instance/devlake-db/general",
            "id": "/aws/rds/instance/devlake-db/general",
            "kms_key_id": "",
            "log_group_class": "STANDARD",
            "name": "/aws/rds/instance/devlake-db/general",
            "name_prefix": "",
            "retention_in_days": 7,
            "skip_destroy": false,
            "tags": {
              "Name": "devlaketoco"
            },
            "tags_all": {
              "Name": "devlaketoco"
            }
          },
          "sensitive_attributes": [],
          "identity_schema_version": 0,
          "private": "bnVsbA=="
        },
        {
          "index_key": "slowquery",
          "schema_version": 0,
          "attributes": {
            "arn": "arn:aws:logs:us-east-1:145702441124:log-group:/aws/rds/instance/devlake-db/slowquery",
            "id": "/aws/rds/instance/devlake-db/slowquery",
            "kms_key_id": "",
            "log_group_class": "STANDARD",
            "name": "/aws/rds/instance/devlake-db/slowquery",
            "name_prefix": "",
            "retention_in_days": 7,
            "skip_destroy": false,
            "tags": {
              "Name": "devlaketoco"
            },
            "tags_all": {
              "Name": "devlaketoco"
            }
          },
          "sensitive_attributes": [],
          "identity_schema_version": 0,
          "private": "bnVsbA=="
        }
      ]
    },
    {
      "module": "module.devlake.module.devlake-rds.module.db_instance",
      "mode": "managed",
      "type": "aws_db_instance",
      "name": "this",
      "provider": "provider[\"registry.terraform.io/hashicorp/aws\"]",
      "instances": [
        {
          "index_key": 0,
          "schema_version": 2,
          "attributes": {
            "address": "devlake-db.cw1e8ws22a34.us-east-1.rds.amazonaws.com",
            "allocated_storage": 20,
            "allow_major_version_upgrade": false,
            "apply_immediately": false,
            "arn": "arn:aws:rds:us-east-1:145702441124:db:devlake-db",
            "auto_minor_version_upgrade": true,
            "availability_zone": "us-east-1a",
            "backup_retention_period": 7,
            "backup_target": "region",
            "backup_window": "03:00-04:00",
            "blue_green_update": [],
            "ca_cert_identifier": "rds-ca-rsa2048-g1",
            "character_set_name": "",
            "copy_tags_to_snapshot": false,
            "custom_iam_instance_profile": "",
            "customer_owned_ip_enabled": false,
            "db_name": "devlake",
            "db_subnet_group_name": "devlake-db-20250703033535023100000001",
            "dedicated_log_volume": false,
            "delete_automated_backups": true,
            "deletion_protection": false,
            "domain": "",
            "domain_auth_secret_arn": "",
            "domain_dns_ips": null,
            "domain_fqdn": "",
            "domain_iam_role_name": "",
            "domain_ou": "",
            "enabled_cloudwatch_logs_exports": [
              "error",
              "general",
              "slowquery"
            ],
            "endpoint": "devlake-db.cw1e8ws22a34.us-east-1.rds.amazonaws.com:3306",
            "engine": "mysql",
            "engine_lifecycle_support": "open-source-rds-extended-support",
            "engine_version": "8.0",
            "engine_version_actual": "8.0.41",
            "final_snapshot_identifier": null,
            "hosted_zone_id": "Z2R2ITUGPM61AM",
            "iam_database_authentication_enabled": false,
            "id": "db-7IZFTEZB3S2CIY3FFVPKZVS4KE",
            "identifier": "devlake-db",
            "identifier_prefix": "",
            "instance_class": "db.t3.micro",
            "iops": 0,
            "kms_key_id": "arn:aws:kms:us-east-1:145702441124:key/a18c3e61-f93e-4e5d-9b7a-ccf5c17c03c1",
            "latest_restorable_time": "2025-07-03T03:41:04Z",
            "license_model": "general-public-license",
            "listener_endpoint": [],
            "maintenance_window": "sun:04:00-sun:05:00",
            "manage_master_user_password": null,
            "master_user_secret": [],
            "master_user_secret_kms_key_id": null,
            "max_allocated_storage": 0,
            "monitoring_interval": 0,
            "monitoring_role_arn": "",
            "multi_az": false,
            "nchar_character_set_name": "",
            "network_type": "IPV4",
            "option_group_name": "devlake-db-20250702200447101700000002",
            "parameter_group_name": "devlake-db-20250702200445727400000001",
            "password": "Priscila#01A",
            "password_wo": null,
            "password_wo_version": null,
            "performance_insights_enabled": false,
            "performance_insights_kms_key_id": "",
            "performance_insights_retention_period": 0,
            "port": 3306,
            "publicly_accessible": false,
            "replica_mode": "",
            "replicas": [],
            "replicate_source_db": "",
            "resource_id": "db-7IZFTEZB3S2CIY3FFVPKZVS4KE",
            "restore_to_point_in_time": [],
            "s3_import": [],
            "skip_final_snapshot": true,
            "snapshot_identifier": null,
            "status": "available",
            "storage_encrypted": true,
            "storage_throughput": 0,
            "storage_type": "gp2",
            "tags": {
              "Name": "devlaketoco"
            },
            "tags_all": {
              "Name": "devlaketoco"
            },
            "timeouts": {
              "create": null,
              "delete": null,
              "update": null
            },
            "timezone": "",
            "upgrade_storage_config": null,
            "username": "devlake",
            "vpc_security_group_ids": [
              "sg-0b67d79aadeac98a0"
            ]
          },
          "sensitive_attributes": [
            [
              {
                "type": "get_attr",
                "value": "password"
              }
            ],
            [
              {
                "type": "get_attr",
                "value": "password_wo"
              }
            ]
          ],
          "identity_schema_version": 0,
          "private": "eyJlMmJmYjczMC1lY2FhLTExZTYtOGY4OC0zNDM2M2JjN2M0YzAiOnsiY3JlYXRlIjozMDAwMDAwMDAwMDAwLCJkZWxldGUiOjM2MDAwMDAwMDAwMDAsInVwZGF0ZSI6NDgwMDAwMDAwMDAwMH0sInNjaGVtYV92ZXJzaW9uIjoiMiJ9",
          "dependencies": [
            "aws_subnet.private_subnets",
            "aws_vpc.devlake_vpc",
            "data.aws_availability_zones.available",
            "module.devlake.aws_security_group.alb",
            "module.devlake.aws_security_group.ecs_tasks",
            "module.devlake.aws_security_group.rds",
            "module.devlake.module.devlake-rds.module.db_instance.aws_cloudwatch_log_group.this",
            "module.devlake.module.devlake-rds.module.db_instance.aws_iam_role.enhanced_monitoring",
            "module.devlake.module.devlake-rds.module.db_instance.data.aws_iam_policy_document.enhanced_monitoring",
            "module.devlake.module.devlake-rds.module.db_instance.random_id.snapshot_identifier",
            "module.devlake.module.devlake-rds.module.db_option_group.aws_db_option_group.this",
            "module.devlake.module.devlake-rds.module.db_parameter_group.aws_db_parameter_group.this",
            "module.devlake.module.devlake-rds.module.db_subnet_group.aws_db_subnet_group.this"
          ]
        }
      ]
    },
    {
      "module": "module.devlake.module.devlake-rds.module.db_option_group",
      "mode": "managed",
      "type": "aws_db_option_group",
      "name": "this",
      "provider": "provider[\"registry.terraform.io/hashicorp/aws\"]",
      "instances": [
        {
          "index_key": 0,
          "schema_version": 0,
          "attributes": {
            "arn": "arn:aws:rds:us-east-1:145702441124:og:devlake-db-20250702200447101700000002",
            "engine_name": "mysql",
            "id": "devlake-db-20250702200447101700000002",
            "major_engine_version": "8.0",
            "name": "devlake-db-20250702200447101700000002",
            "name_prefix": "devlake-db-",
            "option": [],
            "option_group_description": "devlake-db option group",
            "skip_destroy": false,
            "tags": {
              "Name": "devlake-db"
            },
            "tags_all": {
              "Name": "devlake-db"
            },
            "timeouts": {
              "delete": null
            }
          },
          "sensitive_attributes": [],
          "identity_schema_version": 0,
          "private": "eyJlMmJmYjczMC1lY2FhLTExZTYtOGY4OC0zNDM2M2JjN2M0YzAiOnsiZGVsZXRlIjo5MDAwMDAwMDAwMDB9fQ==",
          "create_before_destroy": true
        }
      ]
    },
    {
      "module": "module.devlake.module.devlake-rds.module.db_parameter_group",
      "mode": "managed",
      "type": "aws_db_parameter_group",
      "name": "this",
      "provider": "provider[\"registry.terraform.io/hashicorp/aws\"]",
      "instances": [
        {
          "index_key": 0,
          "schema_version": 0,
          "attributes": {
            "arn": "arn:aws:rds:us-east-1:145702441124:pg:devlake-db-20250702200445727400000001",
            "description": "devlake-db parameter group",
            "family": "mysql8.0",
            "id": "devlake-db-20250702200445727400000001",
            "name": "devlake-db-20250702200445727400000001",
            "name_prefix": "devlake-db-",
            "parameter": [],
            "skip_destroy": false,
            "tags": {
              "Name": "devlake-db"
            },
            "tags_all": {
              "Name": "devlake-db"
            }
          },
          "sensitive_attributes": [],
          "identity_schema_version": 0,
          "private": "bnVsbA==",
          "create_before_destroy": true
        }
      ]
    },
    {
      "module": "module.devlake.module.devlake-rds.module.db_subnet_group",
      "mode": "managed",
      "type": "aws_db_subnet_group",
      "name": "this",
      "provider": "provider[\"registry.terraform.io/hashicorp/aws\"]",
      "instances": [
        {
          "index_key": 0,
          "schema_version": 0,
          "attributes": {
            "arn": "arn:aws:rds:us-east-1:145702441124:subgrp:devlake-db-20250703033535023100000001",
            "description": "devlake-db subnet group",
            "id": "devlake-db-20250703033535023100000001",
            "name": "devlake-db-20250703033535023100000001",
            "name_prefix": "devlake-db-",
            "subnet_ids": [
              "subnet-0a7ce045e02a84fac",
              "subnet-0d40f64710ad4e1b1"
            ],
            "supported_network_types": [
              "IPV4"
            ],
            "tags": {
              "Name": "devlake-db"
            },
            "tags_all": {
              "Name": "devlake-db"
            },
            "vpc_id": "vpc-0a8bd81cd610eaecb"
          },
          "sensitive_attributes": [],
          "identity_schema_version": 0,
          "private": "bnVsbA==",
          "dependencies": [
            "aws_subnet.private_subnets",
            "aws_vpc.devlake_vpc",
            "data.aws_availability_zones.available"
          ]
        }
      ]
    },
    {
      "module": "module.devlake.module.devlake_alb",
      "mode": "data",
      "type": "aws_partition",
      "name": "current",
      "provider": "provider[\"registry.terraform.io/hashicorp/aws\"]",
      "instances": [
        {
          "schema_version": 0,
          "attributes": {
            "dns_suffix": "amazonaws.com",
            "id": "aws",
            "partition": "aws",
            "reverse_dns_prefix": "com.amazonaws"
          },
          "sensitive_attributes": [],
          "identity_schema_version": 0
        }
      ]
    },
    {
      "module": "module.devlake.module.devlake_alb",
      "mode": "managed",
      "type": "aws_lb",
      "name": "this",
      "provider": "provider[\"registry.terraform.io/hashicorp/aws\"]",
      "instances": [
        {
          "index_key": 0,
          "schema_version": 0,
          "attributes": {
            "access_logs": [
              {
                "bucket": "",
                "enabled": false,
                "prefix": ""
              }
            ],
            "arn": "arn:aws:elasticloadbalancing:us-east-1:145702441124:loadbalancer/app/devlake-alb/87dc9036a1b237e9",
            "arn_suffix": "app/devlake-alb/87dc9036a1b237e9",
            "client_keep_alive": 3600,
            "connection_logs": [
              {
                "bucket": "",
                "enabled": false,
                "prefix": ""
              }
            ],
            "customer_owned_ipv4_pool": "",
            "desync_mitigation_mode": "defensive",
            "dns_name": "devlake-alb-1380464767.us-east-1.elb.amazonaws.com",
            "dns_record_client_routing_policy": null,
            "drop_invalid_header_fields": true,
            "enable_cross_zone_load_balancing": true,
            "enable_deletion_protection": true,
            "enable_http2": true,
            "enable_tls_version_and_cipher_suite_headers": false,
            "enable_waf_fail_open": false,
            "enable_xff_client_port": false,
            "enable_zonal_shift": false,
            "enforce_security_group_inbound_rules_on_private_link_traffic": "",
            "id": "arn:aws:elasticloadbalancing:us-east-1:145702441124:loadbalancer/app/devlake-alb/87dc9036a1b237e9",
            "idle_timeout": 60,
            "internal": false,
            "ip_address_type": "ipv4",
            "load_balancer_type": "application",
            "name": "devlake-alb",
            "name_prefix": "",
            "preserve_host_header": false,
            "security_groups": [
              "sg-0d92d4fe912a13040",
              "sg-0f60acd75d675d059"
            ],
            "subnet_mapping": [
              {
                "allocation_id": "",
                "ipv6_address": "",
                "outpost_id": "",
                "private_ipv4_address": "",
                "subnet_id": "subnet-0b6790c1433e0e0f0"
              },
              {
                "allocation_id": "",
                "ipv6_address": "",
                "outpost_id": "",
                "private_ipv4_address": "",
                "subnet_id": "subnet-0eb2243349e6f2a92"
              }
            ],
            "subnets": [
              "subnet-0b6790c1433e0e0f0",
              "subnet-0eb2243349e6f2a92"
            ],
            "tags": {
              "Name": "devlaketoco",
              "terraform-aws-modules": "alb"
            },
            "tags_all": {
              "Name": "devlaketoco",
              "terraform-aws-modules": "alb"
            },
            "timeouts": {
              "create": null,
              "delete": null,
              "update": null
            },
            "vpc_id": "vpc-0a8bd81cd610eaecb",
            "xff_header_processing_mode": "append",
            "zone_id": "Z35SXDOTRQ7X7K"
          },
          "sensitive_attributes": [],
          "identity_schema_version": 0,
          "private": "eyJlMmJmYjczMC1lY2FhLTExZTYtOGY4OC0zNDM2M2JjN2M0YzAiOnsiY3JlYXRlIjo2MDAwMDAwMDAwMDAsImRlbGV0ZSI6NjAwMDAwMDAwMDAwLCJ1cGRhdGUiOjYwMDAwMDAwMDAwMH19",
          "dependencies": [
            "aws_subnet.public_subnets",
            "aws_vpc.devlake_vpc",
            "data.aws_availability_zones.available",
            "module.devlake.aws_security_group.alb",
            "module.devlake.module.devlake_alb.aws_security_group.this"
          ]
        }
      ]
    },
    {
      "module": "module.devlake.module.devlake_alb",
      "mode": "managed",
      "type": "aws_lb_listener",
      "name": "this",
      "provider": "provider[\"registry.terraform.io/hashicorp/aws\"]",
      "instances": [
        {
          "index_key": "http",
          "schema_version": 0,
          "attributes": {
            "alpn_policy": null,
            "arn": "arn:aws:elasticloadbalancing:us-east-1:145702441124:listener/app/devlake-alb/87dc9036a1b237e9/673e569b7cf87c6f",
            "certificate_arn": null,
            "default_action": [
              {
                "authenticate_cognito": [],
                "authenticate_oidc": [],
                "fixed_response": [],
                "forward": [],
                "order": 1,
                "redirect": [
                  {
                    "host": "#{host}",
                    "path": "/#{path}",
                    "port": "443",
                    "protocol": "HTTPS",
                    "query": "#{query}",
                    "status_code": "HTTP_301"
                  }
                ],
                "target_group_arn": "",
                "type": "redirect"
              }
            ],
            "id": "arn:aws:elasticloadbalancing:us-east-1:145702441124:listener/app/devlake-alb/87dc9036a1b237e9/673e569b7cf87c6f",
            "load_balancer_arn": "arn:aws:elasticloadbalancing:us-east-1:145702441124:loadbalancer/app/devlake-alb/87dc9036a1b237e9",
            "mutual_authentication": [],
            "port": 80,
            "protocol": "HTTP",
            "routing_http_request_x_amzn_mtls_clientcert_header_name": null,
            "routing_http_request_x_amzn_mtls_clientcert_issuer_header_name": null,
            "routing_http_request_x_amzn_mtls_clientcert_leaf_header_name": null,
            "routing_http_request_x_amzn_mtls_clientcert_serial_number_header_name": null,
            "routing_http_request_x_amzn_mtls_clientcert_subject_header_name": null,
            "routing_http_request_x_amzn_mtls_clientcert_validity_header_name": null,
            "routing_http_request_x_amzn_tls_cipher_suite_header_name": null,
            "routing_http_request_x_amzn_tls_version_header_name": null,
            "routing_http_response_access_control_allow_credentials_header_value": "",
            "routing_http_response_access_control_allow_headers_header_value": "",
            "routing_http_response_access_control_allow_methods_header_value": "",
            "routing_http_response_access_control_allow_origin_header_value": "",
            "routing_http_response_access_control_expose_headers_header_value": "",
            "routing_http_response_access_control_max_age_header_value": "",
            "routing_http_response_content_security_policy_header_value": "",
            "routing_http_response_server_enabled": false,
            "routing_http_response_strict_transport_security_header_value": "",
            "routing_http_response_x_content_type_options_header_value": "",
            "routing_http_response_x_frame_options_header_value": "",
            "ssl_policy": "",
            "tags": {
              "Name": "devlaketoco",
              "terraform-aws-modules": "alb"
            },
            "tags_all": {
              "Name": "devlaketoco",
              "terraform-aws-modules": "alb"
            },
            "tcp_idle_timeout_seconds": null,
            "timeouts": null
          },
          "sensitive_attributes": [],
          "identity_schema_version": 0,
          "private": "eyJlMmJmYjczMC1lY2FhLTExZTYtOGY4OC0zNDM2M2JjN2M0YzAiOnsiY3JlYXRlIjozMDAwMDAwMDAwMDAsInVwZGF0ZSI6MzAwMDAwMDAwMDAwfX0=",
          "dependencies": [
            "aws_acm_certificate.devlake_cert",
            "aws_acm_certificate_validation.devlake_cert",
            "aws_route53_record.cert_validation",
            "aws_route53_zone.devlake_zone",
            "aws_subnet.public_subnets",
            "aws_vpc.devlake_vpc",
            "data.aws_availability_zones.available",
            "data.aws_route53_zone.existing_zone",
            "module.devlake.aws_security_group.alb",
            "module.devlake.module.devlake_alb.aws_lb.this",
            "module.devlake.module.devlake_alb.aws_lb_target_group.this",
            "module.devlake.module.devlake_alb.aws_security_group.this"
          ]
        },
        {
          "index_key": "https",
          "schema_version": 0,
          "attributes": {
            "alpn_policy": null,
            "arn": "arn:aws:elasticloadbalancing:us-east-1:145702441124:listener/app/devlake-alb/87dc9036a1b237e9/8b9803ee50c60c15",
            "certificate_arn": "arn:aws:acm:us-east-1:145702441124:certificate/dab8035a-5c9c-4bf9-bd15-81ef8cf3b6a8",
            "default_action": [
              {
                "authenticate_cognito": [],
                "authenticate_oidc": [],
                "fixed_response": [],
                "forward": [],
                "order": 1,
                "redirect": [],
                "target_group_arn": "arn:aws:elasticloadbalancing:us-east-1:145702441124:targetgroup/devlake-config-ui-tg/f82a0bcabf313c3a",
                "type": "forward"
              }
            ],
            "id": "arn:aws:elasticloadbalancing:us-east-1:145702441124:listener/app/devlake-alb/87dc9036a1b237e9/8b9803ee50c60c15",
            "load_balancer_arn": "arn:aws:elasticloadbalancing:us-east-1:145702441124:loadbalancer/app/devlake-alb/87dc9036a1b237e9",
            "mutual_authentication": [
              {
                "advertise_trust_store_ca_names": "",
                "ignore_client_certificate_expiry": false,
                "mode": "off",
                "trust_store_arn": ""
              }
            ],
            "port": 443,
            "protocol": "HTTPS",
            "routing_http_request_x_amzn_mtls_clientcert_header_name": "",
            "routing_http_request_x_amzn_mtls_clientcert_issuer_header_name": "",
            "routing_http_request_x_amzn_mtls_clientcert_leaf_header_name": "",
            "routing_http_request_x_amzn_mtls_clientcert_serial_number_header_name": "",
            "routing_http_request_x_amzn_mtls_clientcert_subject_header_name": "",
            "routing_http_request_x_amzn_mtls_clientcert_validity_header_name": "",
            "routing_http_request_x_amzn_tls_cipher_suite_header_name": "",
            "routing_http_request_x_amzn_tls_version_header_name": "",
            "routing_http_response_access_control_allow_credentials_header_value": "",
            "routing_http_response_access_control_allow_headers_header_value": "",
            "routing_http_response_access_control_allow_methods_header_value": "",
            "routing_http_response_access_control_allow_origin_header_value": "",
            "routing_http_response_access_control_expose_headers_header_value": "",
            "routing_http_response_access_control_max_age_header_value": "",
            "routing_http_response_content_security_policy_header_value": "",
            "routing_http_response_server_enabled": false,
            "routing_http_response_strict_transport_security_header_value": "",
            "routing_http_response_x_content_type_options_header_value": "",
            "routing_http_response_x_frame_options_header_value": "",
            "ssl_policy": "ELBSecurityPolicy-TLS13-1-2-Res-2021-06",
            "tags": {
              "Name": "devlaketoco",
              "terraform-aws-modules": "alb"
            },
            "tags_all": {
              "Name": "devlaketoco",
              "terraform-aws-modules": "alb"
            },
            "tcp_idle_timeout_seconds": null,
            "timeouts": null
          },
          "sensitive_attributes": [],
          "identity_schema_version": 0,
          "private": "eyJlMmJmYjczMC1lY2FhLTExZTYtOGY4OC0zNDM2M2JjN2M0YzAiOnsiY3JlYXRlIjozMDAwMDAwMDAwMDAsInVwZGF0ZSI6MzAwMDAwMDAwMDAwfX0=",
          "dependencies": [
            "aws_acm_certificate.devlake_cert",
            "aws_acm_certificate_validation.devlake_cert",
            "aws_route53_record.cert_validation",
            "aws_route53_zone.devlake_zone",
            "aws_subnet.public_subnets",
            "aws_vpc.devlake_vpc",
            "data.aws_availability_zones.available",
            "data.aws_route53_zone.existing_zone",
            "module.devlake.aws_security_group.alb",
            "module.devlake.module.devlake_alb.aws_lb.this",
            "module.devlake.module.devlake_alb.aws_lb_target_group.this",
            "module.devlake.module.devlake_alb.aws_security_group.this"
          ]
        }
      ]
    },
    {
      "module": "module.devlake.module.devlake_alb",
      "mode": "managed",
      "type": "aws_lb_listener_rule",
      "name": "this",
      "provider": "provider[\"registry.terraform.io/hashicorp/aws\"]",
      "instances": [
        {
          "index_key": "https/grafana",
          "schema_version": 0,
          "attributes": {
            "action": [
              {
                "authenticate_cognito": [],
                "authenticate_oidc": [],
                "fixed_response": [],
                "forward": [],
                "order": 1,
                "redirect": [],
                "target_group_arn": "arn:aws:elasticloadbalancing:us-east-1:145702441124:targetgroup/devlake-grafana-tg/2ce0e3cbbddb96c9",
                "type": "forward"
              }
            ],
            "arn": "arn:aws:elasticloadbalancing:us-east-1:145702441124:listener-rule/app/devlake-alb/87dc9036a1b237e9/8b9803ee50c60c15/826d011c124e5f29",
            "condition": [
              {
                "host_header": [
                  {
                    "values": [
                      "devlake.devlaketoco.com"
                    ]
                  }
                ],
                "http_header": [],
                "http_request_method": [],
                "path_pattern": [],
                "query_string": [],
                "source_ip": []
              },
              {
                "host_header": [],
                "http_header": [],
                "http_request_method": [],
                "path_pattern": [
                  {
                    "values": [
                      "/grafana",
                      "/grafana/*"
                    ]
                  }
                ],
                "query_string": [],
                "source_ip": []
              }
            ],
            "id": "arn:aws:elasticloadbalancing:us-east-1:145702441124:listener-rule/app/devlake-alb/87dc9036a1b237e9/8b9803ee50c60c15/826d011c124e5f29",
            "listener_arn": "arn:aws:elasticloadbalancing:us-east-1:145702441124:listener/app/devlake-alb/87dc9036a1b237e9/8b9803ee50c60c15",
            "priority": 100,
            "tags": {
              "Name": "devlaketoco",
              "terraform-aws-modules": "alb"
            },
            "tags_all": {
              "Name": "devlaketoco",
              "terraform-aws-modules": "alb"
            }
          },
          "sensitive_attributes": [],
          "identity_schema_version": 0,
          "private": "bnVsbA==",
          "dependencies": [
            "aws_acm_certificate.devlake_cert",
            "aws_acm_certificate_validation.devlake_cert",
            "aws_route53_record.cert_validation",
            "aws_route53_zone.devlake_zone",
            "aws_subnet.public_subnets",
            "aws_vpc.devlake_vpc",
            "data.aws_availability_zones.available",
            "data.aws_route53_zone.existing_zone",
            "module.devlake.aws_security_group.alb",
            "module.devlake.module.devlake_alb.aws_lb.this",
            "module.devlake.module.devlake_alb.aws_lb_listener.this",
            "module.devlake.module.devlake_alb.aws_lb_target_group.this",
            "module.devlake.module.devlake_alb.aws_security_group.this"
          ]
        }
      ]
    },
    {
      "module": "module.devlake.module.devlake_alb",
      "mode": "managed",
      "type": "aws_lb_target_group",
      "name": "this",
      "provider": "provider[\"registry.terraform.io/hashicorp/aws\"]",
      "instances": [
        {
          "index_key": "devlake-config-ui-tg",
          "schema_version": 0,
          "attributes": {
            "arn": "arn:aws:elasticloadbalancing:us-east-1:145702441124:targetgroup/devlake-config-ui-tg/f82a0bcabf313c3a",
            "arn_suffix": "targetgroup/devlake-config-ui-tg/f82a0bcabf313c3a",
            "connection_termination": null,
            "deregistration_delay": "300",
            "health_check": [
              {
                "enabled": true,
                "healthy_threshold": 3,
                "interval": 30,
                "matcher": "200",
                "path": "/",
                "port": "traffic-port",
                "protocol": "HTTP",
                "timeout": 5,
                "unhealthy_threshold": 3
              }
            ],
            "id": "arn:aws:elasticloadbalancing:us-east-1:145702441124:targetgroup/devlake-config-ui-tg/f82a0bcabf313c3a",
            "ip_address_type": "ipv4",
            "lambda_multi_value_headers_enabled": false,
            "load_balancer_arns": [
              "arn:aws:elasticloadbalancing:us-east-1:145702441124:loadbalancer/app/devlake-alb/87dc9036a1b237e9"
            ],
            "load_balancing_algorithm_type": "round_robin",
            "load_balancing_anomaly_mitigation": "off",
            "load_balancing_cross_zone_enabled": "use_load_balancer_configuration",
            "name": "devlake-config-ui-tg",
            "name_prefix": "",
            "port": 4000,
            "preserve_client_ip": null,
            "protocol": "HTTP",
            "protocol_version": "HTTP1",
            "proxy_protocol_v2": false,
            "slow_start": 0,
            "stickiness": [
              {
                "cookie_duration": 86400,
                "cookie_name": "",
                "enabled": false,
                "type": "lb_cookie"
              }
            ],
            "tags": {
              "Name": "devlaketoco",
              "terraform-aws-modules": "alb"
            },
            "tags_all": {
              "Name": "devlaketoco",
              "terraform-aws-modules": "alb"
            },
            "target_failover": [
              {
                "on_deregistration": null,
                "on_unhealthy": null
              }
            ],
            "target_group_health": [
              {
                "dns_failover": [
                  {
                    "minimum_healthy_targets_count": "1",
                    "minimum_healthy_targets_percentage": "off"
                  }
                ],
                "unhealthy_state_routing": [
                  {
                    "minimum_healthy_targets_count": 1,
                    "minimum_healthy_targets_percentage": "off"
                  }
                ]
              }
            ],
            "target_health_state": [
              {
                "enable_unhealthy_connection_termination": null,
                "unhealthy_draining_interval": null
              }
            ],
            "target_type": "ip",
            "vpc_id": "vpc-0a8bd81cd610eaecb"
          },
          "sensitive_attributes": [],
          "identity_schema_version": 0,
          "private": "bnVsbA==",
          "dependencies": [
            "aws_vpc.devlake_vpc"
          ],
          "create_before_destroy": true
        },
        {
          "index_key": "devlake-grafana-tg",
          "schema_version": 0,
          "attributes": {
            "arn": "arn:aws:elasticloadbalancing:us-east-1:145702441124:targetgroup/devlake-grafana-tg/2ce0e3cbbddb96c9",
            "arn_suffix": "targetgroup/devlake-grafana-tg/2ce0e3cbbddb96c9",
            "connection_termination": null,
            "deregistration_delay": "300",
            "health_check": [
              {
                "enabled": true,
                "healthy_threshold": 3,
                "interval": 30,
                "matcher": "200",
                "path": "/api/health",
                "port": "traffic-port",
                "protocol": "HTTP",
                "timeout": 5,
                "unhealthy_threshold": 3
              }
            ],
            "id": "arn:aws:elasticloadbalancing:us-east-1:145702441124:targetgroup/devlake-grafana-tg/2ce0e3cbbddb96c9",
            "ip_address_type": "ipv4",
            "lambda_multi_value_headers_enabled": false,
            "load_balancer_arns": [
              "arn:aws:elasticloadbalancing:us-east-1:145702441124:loadbalancer/app/devlake-alb/87dc9036a1b237e9"
            ],
            "load_balancing_algorithm_type": "round_robin",
            "load_balancing_anomaly_mitigation": "off",
            "load_balancing_cross_zone_enabled": "use_load_balancer_configuration",
            "name": "devlake-grafana-tg",
            "name_prefix": "",
            "port": 3000,
            "preserve_client_ip": null,
            "protocol": "HTTP",
            "protocol_version": "HTTP1",
            "proxy_protocol_v2": false,
            "slow_start": 0,
            "stickiness": [
              {
                "cookie_duration": 86400,
                "cookie_name": "",
                "enabled": false,
                "type": "lb_cookie"
              }
            ],
            "tags": {
              "Name": "devlaketoco",
              "terraform-aws-modules": "alb"
            },
            "tags_all": {
              "Name": "devlaketoco",
              "terraform-aws-modules": "alb"
            },
            "target_failover": [
              {
                "on_deregistration": null,
                "on_unhealthy": null
              }
            ],
            "target_group_health": [
              {
                "dns_failover": [
                  {
                    "minimum_healthy_targets_count": "1",
                    "minimum_healthy_targets_percentage": "off"
                  }
                ],
                "unhealthy_state_routing": [
                  {
                    "minimum_healthy_targets_count": 1,
                    "minimum_healthy_targets_percentage": "off"
                  }
                ]
              }
            ],
            "target_health_state": [
              {
                "enable_unhealthy_connection_termination": null,
                "unhealthy_draining_interval": null
              }
            ],
            "target_type": "ip",
            "vpc_id": "vpc-0a8bd81cd610eaecb"
          },
          "sensitive_attributes": [],
          "identity_schema_version": 0,
          "private": "bnVsbA==",
          "dependencies": [
            "aws_vpc.devlake_vpc"
          ],
          "create_before_destroy": true
        }
      ]
    },
    {
      "module": "module.devlake.module.devlake_alb",
      "mode": "managed",
      "type": "aws_security_group",
      "name": "this",
      "provider": "provider[\"registry.terraform.io/hashicorp/aws\"]",
      "instances": [
        {
          "index_key": 0,
          "schema_version": 1,
          "attributes": {
            "arn": "arn:aws:ec2:us-east-1:145702441124:security-group/sg-0d92d4fe912a13040",
            "description": "Security group for devlake-alb application load balancer",
            "egress": [],
            "id": "sg-0d92d4fe912a13040",
            "ingress": [],
            "name": "devlake-alb-20250703032252502800000002",
            "name_prefix": "devlake-alb-",
            "owner_id": "145702441124",
            "revoke_rules_on_delete": false,
            "tags": {
              "Name": "devlaketoco",
              "terraform-aws-modules": "alb"
            },
            "tags_all": {
              "Name": "devlaketoco",
              "terraform-aws-modules": "alb"
            },
            "timeouts": null,
            "vpc_id": "vpc-0a8bd81cd610eaecb"
          },
          "sensitive_attributes": [],
          "identity_schema_version": 0,
          "private": "eyJlMmJmYjczMC1lY2FhLTExZTYtOGY4OC0zNDM2M2JjN2M0YzAiOnsiY3JlYXRlIjo2MDAwMDAwMDAwMDAsImRlbGV0ZSI6OTAwMDAwMDAwMDAwfSwic2NoZW1hX3ZlcnNpb24iOiIxIn0=",
          "dependencies": [
            "aws_vpc.devlake_vpc"
          ],
          "create_before_destroy": true
        }
      ]
    }
  ],
  "check_results": null
}
